// !$*UTF8*$!
{
	archiveVersion = 1;
	classes = {
	};
	objectVersion = 46;
	objects = {

/* Begin PBXBuildFile section */
		9979925E618F2A8E4CB833A0 /* libPods-VHReproductiveHealth.a in Frameworks */ = {isa = PBXBuildFile; fileRef = 92B9E74EF59C39DFD892495A /* libPods-VHReproductiveHealth.a */; };
		E8358DD61A8C3B78007137ED /* CHCircleGaugeView.m in Sources */ = {isa = PBXBuildFile; fileRef = E8358DD41A8C3B78007137ED /* CHCircleGaugeView.m */; };
		E8358DD91A8C90C3007137ED /* RHKoufubiyuanyaoModel.m in Sources */ = {isa = PBXBuildFile; fileRef = E8358DD81A8C90C3007137ED /* RHKoufubiyuanyaoModel.m */; };
		E8358DDC1A8C90DF007137ED /* RHRedianliliaoModel.m in Sources */ = {isa = PBXBuildFile; fileRef = E8358DDB1A8C90DF007137ED /* RHRedianliliaoModel.m */; };
		E83BB5AE1A8674AB002DD31C /* RHSettingMenstrualViewCtro.m in Sources */ = {isa = PBXBuildFile; fileRef = E83BB5AB1A8674AB002DD31C /* RHSettingMenstrualViewCtro.m */; };
		E83BB5AF1A8674AB002DD31C /* RHSettingSuperViewCtro.m in Sources */ = {isa = PBXBuildFile; fileRef = E83BB5AD1A8674AB002DD31C /* RHSettingSuperViewCtro.m */; };
		E83E91681A8247F40037F5E0 /* ABCalendarPicker.m in Sources */ = {isa = PBXBuildFile; fileRef = E83E91481A8247F40037F5E0 /* ABCalendarPicker.m */; };
		E83E91691A8247F40037F5E0 /* ABCalendarPickerDefaultDaysProvider.m in Sources */ = {isa = PBXBuildFile; fileRef = E83E914C1A8247F40037F5E0 /* ABCalendarPickerDefaultDaysProvider.m */; };
		E83E916A1A8247F40037F5E0 /* ABCalendarPickerDefaultErasProvider.m in Sources */ = {isa = PBXBuildFile; fileRef = E83E914E1A8247F40037F5E0 /* ABCalendarPickerDefaultErasProvider.m */; };
		E83E916B1A8247F40037F5E0 /* ABCalendarPickerDefaultMonthsProvider.m in Sources */ = {isa = PBXBuildFile; fileRef = E83E91501A8247F40037F5E0 /* ABCalendarPickerDefaultMonthsProvider.m */; };
		E83E916C1A8247F40037F5E0 /* ABCalendarPickerDefaultSeasonedMonthsProvider.m in Sources */ = {isa = PBXBuildFile; fileRef = E83E91521A8247F40037F5E0 /* ABCalendarPickerDefaultSeasonedMonthsProvider.m */; };
		E83E916D1A8247F40037F5E0 /* ABCalendarPickerDefaultStyleProvider.m in Sources */ = {isa = PBXBuildFile; fileRef = E83E91541A8247F40037F5E0 /* ABCalendarPickerDefaultStyleProvider.m */; };
		E83E916E1A8247F40037F5E0 /* ABCalendarPickerDefaultTripleWeekdaysProvider.m in Sources */ = {isa = PBXBuildFile; fileRef = E83E91561A8247F40037F5E0 /* ABCalendarPickerDefaultTripleWeekdaysProvider.m */; };
		E83E916F1A8247F40037F5E0 /* ABCalendarPickerDefaultWeekdaysProvider.m in Sources */ = {isa = PBXBuildFile; fileRef = E83E91581A8247F40037F5E0 /* ABCalendarPickerDefaultWeekdaysProvider.m */; };
		E83E91701A8247F40037F5E0 /* ABCalendarPickerDefaultYearsProvider.m in Sources */ = {isa = PBXBuildFile; fileRef = E83E915A1A8247F40037F5E0 /* ABCalendarPickerDefaultYearsProvider.m */; };
		E83E91711A8247F40037F5E0 /* ABViewPool.m in Sources */ = {isa = PBXBuildFile; fileRef = E83E915E1A8247F40037F5E0 /* ABViewPool.m */; };
		E83E91721A8247F40037F5E0 /* GradientBar.png in Resources */ = {isa = PBXBuildFile; fileRef = E83E915F1A8247F40037F5E0 /* GradientBar.png */; };
		E83E91731A8247F40037F5E0 /* TileDisabledSelected.png in Resources */ = {isa = PBXBuildFile; fileRef = E83E91601A8247F40037F5E0 /* TileDisabledSelected.png */; };
		E83E91741A8247F40037F5E0 /* TileNormal.png in Resources */ = {isa = PBXBuildFile; fileRef = E83E91611A8247F40037F5E0 /* TileNormal.png */; };
		E83E91751A8247F40037F5E0 /* TilePattern.png in Resources */ = {isa = PBXBuildFile; fileRef = E83E91621A8247F40037F5E0 /* TilePattern.png */; };
		E83E91761A8247F40037F5E0 /* TileSelected.png in Resources */ = {isa = PBXBuildFile; fileRef = E83E91631A8247F40037F5E0 /* TileSelected.png */; };
		E83E91771A8247F40037F5E0 /* TileToday.png in Resources */ = {isa = PBXBuildFile; fileRef = E83E91641A8247F40037F5E0 /* TileToday.png */; };
		E83E91781A8247F40037F5E0 /* TileTodaySelected.png in Resources */ = {isa = PBXBuildFile; fileRef = E83E91651A8247F40037F5E0 /* TileTodaySelected.png */; };
		E83E91791A8247F40037F5E0 /* UIMyButton.m in Sources */ = {isa = PBXBuildFile; fileRef = E83E91671A8247F40037F5E0 /* UIMyButton.m */; };
		E83E917E1A8251390037F5E0 /* RHSettingCell.m in Sources */ = {isa = PBXBuildFile; fileRef = E83E917D1A8251390037F5E0 /* RHSettingCell.m */; };
		E83E91811A826ED60037F5E0 /* RHSettingCell1.m in Sources */ = {isa = PBXBuildFile; fileRef = E83E91801A826ED60037F5E0 /* RHSettingCell1.m */; };
		E83E91841A826EF40037F5E0 /* RHSettingCell2.m in Sources */ = {isa = PBXBuildFile; fileRef = E83E91831A826EF40037F5E0 /* RHSettingCell2.m */; };
		E841A5331A89CE5900C4CA0F /* RHYuejingFenxiViewCtro.m in Sources */ = {isa = PBXBuildFile; fileRef = E841A5321A89CE5900C4CA0F /* RHYuejingFenxiViewCtro.m */; };
		E841A5371A8A207700C4CA0F /* RHBarGraphView.m in Sources */ = {isa = PBXBuildFile; fileRef = E841A5361A8A207700C4CA0F /* RHBarGraphView.m */; };
		E841A53D1A8A209C00C4CA0F /* GKBar.m in Sources */ = {isa = PBXBuildFile; fileRef = E841A53A1A8A209C00C4CA0F /* GKBar.m */; };
		E841A53E1A8A209C00C4CA0F /* GKBarGraph.m in Sources */ = {isa = PBXBuildFile; fileRef = E841A53C1A8A209C00C4CA0F /* GKBarGraph.m */; };
		E841A54B1A8A210300C4CA0F /* NSArray+MK_Block.m in Sources */ = {isa = PBXBuildFile; fileRef = E841A5421A8A210300C4CA0F /* NSArray+MK_Block.m */; };
		E841A54C1A8A210300C4CA0F /* NSArray+MK_Misc.m in Sources */ = {isa = PBXBuildFile; fileRef = E841A5441A8A210300C4CA0F /* NSArray+MK_Misc.m */; };
		E841A54D1A8A210300C4CA0F /* NSMutableArray+MK_Misc.m in Sources */ = {isa = PBXBuildFile; fileRef = E841A5461A8A210300C4CA0F /* NSMutableArray+MK_Misc.m */; };
		E841A54E1A8A210300C4CA0F /* NSMutableArray+MK_Queue.m in Sources */ = {isa = PBXBuildFile; fileRef = E841A5481A8A210300C4CA0F /* NSMutableArray+MK_Queue.m */; };
		E841A54F1A8A210300C4CA0F /* NSMutableArray+MK_Stack.m in Sources */ = {isa = PBXBuildFile; fileRef = E841A54A1A8A210300C4CA0F /* NSMutableArray+MK_Stack.m */; };
		E841A5521A8A27B400C4CA0F /* RHTongFangFenxiViewCtro.m in Sources */ = {isa = PBXBuildFile; fileRef = E841A5511A8A27B400C4CA0F /* RHTongFangFenxiViewCtro.m */; };
		E841A5551A8A290300C4CA0F /* RHYjFxCell.m in Sources */ = {isa = PBXBuildFile; fileRef = E841A5541A8A290300C4CA0F /* RHYjFxCell.m */; };
		E8442B0E1A8B9CAD009EAF04 /* RHTontFangGraphView.m in Sources */ = {isa = PBXBuildFile; fileRef = E8442B0D1A8B9CAD009EAF04 /* RHTontFangGraphView.m */; };
		E8471C461A886B890010A97B /* RHDataModel.m in Sources */ = {isa = PBXBuildFile; fileRef = E8471C451A886B890010A97B /* RHDataModel.m */; };
		E848FF861A776819005B1851 /* RHHomeViewCtro.m in Sources */ = {isa = PBXBuildFile; fileRef = E848FF851A776819005B1851 /* RHHomeViewCtro.m */; };
		E848FFAA1A777FF4005B1851 /* JTCalendar.m in Sources */ = {isa = PBXBuildFile; fileRef = E848FF941A777FF4005B1851 /* JTCalendar.m */; };
		E848FFAB1A777FF4005B1851 /* JTCalendarAppearance.m in Sources */ = {isa = PBXBuildFile; fileRef = E848FF961A777FF4005B1851 /* JTCalendarAppearance.m */; };
		E848FFAC1A777FF4005B1851 /* JTCalendarContentView.m in Sources */ = {isa = PBXBuildFile; fileRef = E848FF981A777FF4005B1851 /* JTCalendarContentView.m */; };
		E848FFAD1A777FF4005B1851 /* JTCalendarDataCache.m in Sources */ = {isa = PBXBuildFile; fileRef = E848FF9A1A777FF4005B1851 /* JTCalendarDataCache.m */; };
		E848FFAE1A777FF4005B1851 /* JTCalendarDayView.m in Sources */ = {isa = PBXBuildFile; fileRef = E848FF9C1A777FF4005B1851 /* JTCalendarDayView.m */; };
		E848FFAF1A777FF4005B1851 /* JTCalendarMenuMonthView.m in Sources */ = {isa = PBXBuildFile; fileRef = E848FF9E1A777FF4005B1851 /* JTCalendarMenuMonthView.m */; };
		E848FFB01A777FF4005B1851 /* JTCalendarMenuView.m in Sources */ = {isa = PBXBuildFile; fileRef = E848FFA01A777FF4005B1851 /* JTCalendarMenuView.m */; };
		E848FFB11A777FF4005B1851 /* JTCalendarMonthView.m in Sources */ = {isa = PBXBuildFile; fileRef = E848FFA21A777FF4005B1851 /* JTCalendarMonthView.m */; };
		E848FFB21A777FF4005B1851 /* JTCalendarMonthWeekDaysView.m in Sources */ = {isa = PBXBuildFile; fileRef = E848FFA41A777FF4005B1851 /* JTCalendarMonthWeekDaysView.m */; };
		E848FFB31A777FF4005B1851 /* JTCalendarWeekView.m in Sources */ = {isa = PBXBuildFile; fileRef = E848FFA71A777FF4005B1851 /* JTCalendarWeekView.m */; };
		E848FFB41A777FF4005B1851 /* JTCircleView.m in Sources */ = {isa = PBXBuildFile; fileRef = E848FFA91A777FF4005B1851 /* JTCircleView.m */; };
		E85E5AE51A86EF2300D98B8A /* RHSettingCell3.m in Sources */ = {isa = PBXBuildFile; fileRef = E85E5AE41A86EF2300D98B8A /* RHSettingCell3.m */; };
		E85E5AEB1A87022400D98B8A /* RHSettingTongfangViewCtro.m in Sources */ = {isa = PBXBuildFile; fileRef = E85E5AEA1A87022400D98B8A /* RHSettingTongfangViewCtro.m */; };
		E85E5AEE1A87140E00D98B8A /* RHSettingQuluanViewCtro.m in Sources */ = {isa = PBXBuildFile; fileRef = E85E5AED1A87140E00D98B8A /* RHSettingQuluanViewCtro.m */; };
		E85E5AF11A871D1800D98B8A /* RHSettingYizhiViewCtro.m in Sources */ = {isa = PBXBuildFile; fileRef = E85E5AF01A871D1800D98B8A /* RHSettingYizhiViewCtro.m */; };
		E85E5AF41A871F0800D98B8A /* RHSettingDpxfViewCtro.m in Sources */ = {isa = PBXBuildFile; fileRef = E85E5AF31A871F0800D98B8A /* RHSettingDpxfViewCtro.m */; };
		E85E5B011A8727A400D98B8A /* RHSettingBushufuViewCtro.m in Sources */ = {isa = PBXBuildFile; fileRef = E85E5B001A8727A400D98B8A /* RHSettingBushufuViewCtro.m */; };
		E85E5B281A872F4000D98B8A /* DWTagList.m in Sources */ = {isa = PBXBuildFile; fileRef = E85E5B271A872F4000D98B8A /* DWTagList.m */; };
		E860F8971A7DC5D2007803A3 /* table_init.sql in Resources */ = {isa = PBXBuildFile; fileRef = E860F8961A7DC5D2007803A3 /* table_init.sql */; };
		E860F89C1A7DC91F007803A3 /* RHMenstrualViewCtro.m in Sources */ = {isa = PBXBuildFile; fileRef = E860F89A1A7DC91F007803A3 /* RHMenstrualViewCtro.m */; };
		E860F8A21A7DC9CF007803A3 /* RHMenstrualDataHelper.m in Sources */ = {isa = PBXBuildFile; fileRef = E860F8A11A7DC9CF007803A3 /* RHMenstrualDataHelper.m */; };
		E860F8AA1A7DC9F2007803A3 /* RHRootDataHelper.m in Sources */ = {isa = PBXBuildFile; fileRef = E860F8A51A7DC9F2007803A3 /* RHRootDataHelper.m */; };
		E860F8AB1A7DC9F2007803A3 /* RHRootNavCtro.m in Sources */ = {isa = PBXBuildFile; fileRef = E860F8A71A7DC9F2007803A3 /* RHRootNavCtro.m */; };
		E860F8AC1A7DC9F2007803A3 /* RHRootViewCtro.m in Sources */ = {isa = PBXBuildFile; fileRef = E860F8A91A7DC9F2007803A3 /* RHRootViewCtro.m */; };
		E863D5701A76172A0070F1F4 /* main.m in Sources */ = {isa = PBXBuildFile; fileRef = E863D56F1A76172A0070F1F4 /* main.m */; };
		E863D5731A76172A0070F1F4 /* RHAppDelegate.m in Sources */ = {isa = PBXBuildFile; fileRef = E863D5721A76172A0070F1F4 /* RHAppDelegate.m */; };
		E863D57B1A76172A0070F1F4 /* Images.xcassets in Resources */ = {isa = PBXBuildFile; fileRef = E863D57A1A76172A0070F1F4 /* Images.xcassets */; };
		E863D58A1A76172B0070F1F4 /* VHReproductiveHealthTests.m in Sources */ = {isa = PBXBuildFile; fileRef = E863D5891A76172B0070F1F4 /* VHReproductiveHealthTests.m */; };
		E863D5C81A766C0F0070F1F4 /* RHUIApplication.m in Sources */ = {isa = PBXBuildFile; fileRef = E863D5C71A766C0F0070F1F4 /* RHUIApplication.m */; };
		E89ED2591A8922CE002CA0EB /* RHDayProvider.m in Sources */ = {isa = PBXBuildFile; fileRef = E89ED2581A8922CE002CA0EB /* RHDayProvider.m */; };
		E89ED25C1A892F3A002CA0EB /* RHMyJingliViewCtro.m in Sources */ = {isa = PBXBuildFile; fileRef = E89ED25B1A892F3A002CA0EB /* RHMyJingliViewCtro.m */; };
		E8FC7DEF1A87536F0009403E /* main.sql in Resources */ = {isa = PBXBuildFile; fileRef = E8FC7DEE1A87536F0009403E /* main.sql */; };
		E8FC7DF81A8758840009403E /* RHMenstrualDataManger.m in Sources */ = {isa = PBXBuildFile; fileRef = E8FC7DF71A8758840009403E /* RHMenstrualDataManger.m */; };
		E8FC7DFC1A875C350009403E /* RHBiaoZhuModel.m in Sources */ = {isa = PBXBuildFile; fileRef = E8FC7DFB1A875C350009403E /* RHBiaoZhuModel.m */; };
		E8FC7E001A8768380009403E /* NSDate+Helper.m in Sources */ = {isa = PBXBuildFile; fileRef = E8FC7DFF1A8768380009403E /* NSDate+Helper.m */; };
		E8FC7E031A87ABAA0009403E /* RHDayimaModel.m in Sources */ = {isa = PBXBuildFile; fileRef = E8FC7E021A87ABAA0009403E /* RHDayimaModel.m */; };
		E8FC7E061A87C4040009403E /* RHStyleProvider.m in Sources */ = {isa = PBXBuildFile; fileRef = E8FC7E051A87C4040009403E /* RHStyleProvider.m */; };
		E8FC7E091A87C6830009403E /* RHCalendarCell.m in Sources */ = {isa = PBXBuildFile; fileRef = E8FC7E081A87C6830009403E /* RHCalendarCell.m */; };
/* End PBXBuildFile section */

/* Begin PBXContainerItemProxy section */
		E863D5841A76172B0070F1F4 /* PBXContainerItemProxy */ = {
			isa = PBXContainerItemProxy;
			containerPortal = E863D5621A76172A0070F1F4 /* Project object */;
			proxyType = 1;
			remoteGlobalIDString = E863D5691A76172A0070F1F4;
			remoteInfo = VHReproductiveHealth;
		};
/* End PBXContainerItemProxy section */

/* Begin PBXFileReference section */
		0FF0C1C3316D169A5BEF0A20 /* Pods-VHReproductiveHealth.debug.xcconfig */ = {isa = PBXFileReference; includeInIndex = 1; lastKnownFileType = text.xcconfig; name = "Pods-VHReproductiveHealth.debug.xcconfig"; path = "Pods/Target Support Files/Pods-VHReproductiveHealth/Pods-VHReproductiveHealth.debug.xcconfig"; sourceTree = "<group>"; };
		20A3E4A742051B773C4C31D7 /* Pods-VHReproductiveHealth.release.xcconfig */ = {isa = PBXFileReference; includeInIndex = 1; lastKnownFileType = text.xcconfig; name = "Pods-VHReproductiveHealth.release.xcconfig"; path = "Pods/Target Support Files/Pods-VHReproductiveHealth/Pods-VHReproductiveHealth.release.xcconfig"; sourceTree = "<group>"; };
		92B9E74EF59C39DFD892495A /* libPods-VHReproductiveHealth.a */ = {isa = PBXFileReference; explicitFileType = archive.ar; includeInIndex = 0; path = "libPods-VHReproductiveHealth.a"; sourceTree = BUILT_PRODUCTS_DIR; };
		E8358DD31A8C3B78007137ED /* CHCircleGaugeView.h */ = {isa = PBXFileReference; fileEncoding = 4; lastKnownFileType = sourcecode.c.h; path = CHCircleGaugeView.h; sourceTree = "<group>"; };
		E8358DD41A8C3B78007137ED /* CHCircleGaugeView.m */ = {isa = PBXFileReference; fileEncoding = 4; lastKnownFileType = sourcecode.c.objc; path = CHCircleGaugeView.m; sourceTree = "<group>"; };
		E8358DD51A8C3B78007137ED /* CHCircleGaugeViewDebugMacros.h */ = {isa = PBXFileReference; fileEncoding = 4; lastKnownFileType = sourcecode.c.h; path = CHCircleGaugeViewDebugMacros.h; sourceTree = "<group>"; };
		E8358DD71A8C90C3007137ED /* RHKoufubiyuanyaoModel.h */ = {isa = PBXFileReference; fileEncoding = 4; lastKnownFileType = sourcecode.c.h; path = RHKoufubiyuanyaoModel.h; sourceTree = "<group>"; };
		E8358DD81A8C90C3007137ED /* RHKoufubiyuanyaoModel.m */ = {isa = PBXFileReference; fileEncoding = 4; lastKnownFileType = sourcecode.c.objc; path = RHKoufubiyuanyaoModel.m; sourceTree = "<group>"; };
		E8358DDA1A8C90DF007137ED /* RHRedianliliaoModel.h */ = {isa = PBXFileReference; fileEncoding = 4; lastKnownFileType = sourcecode.c.h; path = RHRedianliliaoModel.h; sourceTree = "<group>"; };
		E8358DDB1A8C90DF007137ED /* RHRedianliliaoModel.m */ = {isa = PBXFileReference; fileEncoding = 4; lastKnownFileType = sourcecode.c.objc; path = RHRedianliliaoModel.m; sourceTree = "<group>"; };
		E83BB5AA1A8674AB002DD31C /* RHSettingMenstrualViewCtro.h */ = {isa = PBXFileReference; fileEncoding = 4; lastKnownFileType = sourcecode.c.h; path = RHSettingMenstrualViewCtro.h; sourceTree = "<group>"; };
		E83BB5AB1A8674AB002DD31C /* RHSettingMenstrualViewCtro.m */ = {isa = PBXFileReference; fileEncoding = 4; lastKnownFileType = sourcecode.c.objc; path = RHSettingMenstrualViewCtro.m; sourceTree = "<group>"; };
		E83BB5AC1A8674AB002DD31C /* RHSettingSuperViewCtro.h */ = {isa = PBXFileReference; fileEncoding = 4; lastKnownFileType = sourcecode.c.h; path = RHSettingSuperViewCtro.h; sourceTree = "<group>"; };
		E83BB5AD1A8674AB002DD31C /* RHSettingSuperViewCtro.m */ = {isa = PBXFileReference; fileEncoding = 4; lastKnownFileType = sourcecode.c.objc; path = RHSettingSuperViewCtro.m; sourceTree = "<group>"; };
		E83E91461A8247F40037F5E0 /* ABCalendarPicker-Prefix.pch */ = {isa = PBXFileReference; fileEncoding = 4; lastKnownFileType = sourcecode.c.h; path = "ABCalendarPicker-Prefix.pch"; sourceTree = "<group>"; };
		E83E91471A8247F40037F5E0 /* ABCalendarPicker.h */ = {isa = PBXFileReference; fileEncoding = 4; lastKnownFileType = sourcecode.c.h; path = ABCalendarPicker.h; sourceTree = "<group>"; };
		E83E91481A8247F40037F5E0 /* ABCalendarPicker.m */ = {isa = PBXFileReference; fileEncoding = 4; lastKnownFileType = sourcecode.c.objc; path = ABCalendarPicker.m; sourceTree = "<group>"; };
		E83E91491A8247F40037F5E0 /* ABCalendarPickerDataSourceProtocol.h */ = {isa = PBXFileReference; fileEncoding = 4; lastKnownFileType = sourcecode.c.h; path = ABCalendarPickerDataSourceProtocol.h; sourceTree = "<group>"; };
		E83E914A1A8247F40037F5E0 /* ABCalendarPickerDateProviderProtocol.h */ = {isa = PBXFileReference; fileEncoding = 4; lastKnownFileType = sourcecode.c.h; path = ABCalendarPickerDateProviderProtocol.h; sourceTree = "<group>"; };
		E83E914B1A8247F40037F5E0 /* ABCalendarPickerDefaultDaysProvider.h */ = {isa = PBXFileReference; fileEncoding = 4; lastKnownFileType = sourcecode.c.h; path = ABCalendarPickerDefaultDaysProvider.h; sourceTree = "<group>"; };
		E83E914C1A8247F40037F5E0 /* ABCalendarPickerDefaultDaysProvider.m */ = {isa = PBXFileReference; fileEncoding = 4; lastKnownFileType = sourcecode.c.objc; path = ABCalendarPickerDefaultDaysProvider.m; sourceTree = "<group>"; };
		E83E914D1A8247F40037F5E0 /* ABCalendarPickerDefaultErasProvider.h */ = {isa = PBXFileReference; fileEncoding = 4; lastKnownFileType = sourcecode.c.h; path = ABCalendarPickerDefaultErasProvider.h; sourceTree = "<group>"; };
		E83E914E1A8247F40037F5E0 /* ABCalendarPickerDefaultErasProvider.m */ = {isa = PBXFileReference; fileEncoding = 4; lastKnownFileType = sourcecode.c.objc; path = ABCalendarPickerDefaultErasProvider.m; sourceTree = "<group>"; };
		E83E914F1A8247F40037F5E0 /* ABCalendarPickerDefaultMonthsProvider.h */ = {isa = PBXFileReference; fileEncoding = 4; lastKnownFileType = sourcecode.c.h; path = ABCalendarPickerDefaultMonthsProvider.h; sourceTree = "<group>"; };
		E83E91501A8247F40037F5E0 /* ABCalendarPickerDefaultMonthsProvider.m */ = {isa = PBXFileReference; fileEncoding = 4; lastKnownFileType = sourcecode.c.objc; path = ABCalendarPickerDefaultMonthsProvider.m; sourceTree = "<group>"; };
		E83E91511A8247F40037F5E0 /* ABCalendarPickerDefaultSeasonedMonthsProvider.h */ = {isa = PBXFileReference; fileEncoding = 4; lastKnownFileType = sourcecode.c.h; path = ABCalendarPickerDefaultSeasonedMonthsProvider.h; sourceTree = "<group>"; };
		E83E91521A8247F40037F5E0 /* ABCalendarPickerDefaultSeasonedMonthsProvider.m */ = {isa = PBXFileReference; fileEncoding = 4; lastKnownFileType = sourcecode.c.objc; path = ABCalendarPickerDefaultSeasonedMonthsProvider.m; sourceTree = "<group>"; };
		E83E91531A8247F40037F5E0 /* ABCalendarPickerDefaultStyleProvider.h */ = {isa = PBXFileReference; fileEncoding = 4; lastKnownFileType = sourcecode.c.h; path = ABCalendarPickerDefaultStyleProvider.h; sourceTree = "<group>"; };
		E83E91541A8247F40037F5E0 /* ABCalendarPickerDefaultStyleProvider.m */ = {isa = PBXFileReference; fileEncoding = 4; lastKnownFileType = sourcecode.c.objc; path = ABCalendarPickerDefaultStyleProvider.m; sourceTree = "<group>"; };
		E83E91551A8247F40037F5E0 /* ABCalendarPickerDefaultTripleWeekdaysProvider.h */ = {isa = PBXFileReference; fileEncoding = 4; lastKnownFileType = sourcecode.c.h; path = ABCalendarPickerDefaultTripleWeekdaysProvider.h; sourceTree = "<group>"; };
		E83E91561A8247F40037F5E0 /* ABCalendarPickerDefaultTripleWeekdaysProvider.m */ = {isa = PBXFileReference; fileEncoding = 4; lastKnownFileType = sourcecode.c.objc; path = ABCalendarPickerDefaultTripleWeekdaysProvider.m; sourceTree = "<group>"; };
		E83E91571A8247F40037F5E0 /* ABCalendarPickerDefaultWeekdaysProvider.h */ = {isa = PBXFileReference; fileEncoding = 4; lastKnownFileType = sourcecode.c.h; path = ABCalendarPickerDefaultWeekdaysProvider.h; sourceTree = "<group>"; };
		E83E91581A8247F40037F5E0 /* ABCalendarPickerDefaultWeekdaysProvider.m */ = {isa = PBXFileReference; fileEncoding = 4; lastKnownFileType = sourcecode.c.objc; path = ABCalendarPickerDefaultWeekdaysProvider.m; sourceTree = "<group>"; };
		E83E91591A8247F40037F5E0 /* ABCalendarPickerDefaultYearsProvider.h */ = {isa = PBXFileReference; fileEncoding = 4; lastKnownFileType = sourcecode.c.h; path = ABCalendarPickerDefaultYearsProvider.h; sourceTree = "<group>"; };
		E83E915A1A8247F40037F5E0 /* ABCalendarPickerDefaultYearsProvider.m */ = {isa = PBXFileReference; fileEncoding = 4; lastKnownFileType = sourcecode.c.objc; path = ABCalendarPickerDefaultYearsProvider.m; sourceTree = "<group>"; };
		E83E915B1A8247F40037F5E0 /* ABCalendarPickerDelegateProtocol.h */ = {isa = PBXFileReference; fileEncoding = 4; lastKnownFileType = sourcecode.c.h; path = ABCalendarPickerDelegateProtocol.h; sourceTree = "<group>"; };
		E83E915C1A8247F40037F5E0 /* ABCalendarPickerStyleProviderProtocol.h */ = {isa = PBXFileReference; fileEncoding = 4; lastKnownFileType = sourcecode.c.h; path = ABCalendarPickerStyleProviderProtocol.h; sourceTree = "<group>"; };
		E83E915D1A8247F40037F5E0 /* ABViewPool.h */ = {isa = PBXFileReference; fileEncoding = 4; lastKnownFileType = sourcecode.c.h; path = ABViewPool.h; sourceTree = "<group>"; };
		E83E915E1A8247F40037F5E0 /* ABViewPool.m */ = {isa = PBXFileReference; fileEncoding = 4; lastKnownFileType = sourcecode.c.objc; path = ABViewPool.m; sourceTree = "<group>"; };
		E83E915F1A8247F40037F5E0 /* GradientBar.png */ = {isa = PBXFileReference; lastKnownFileType = image.png; path = GradientBar.png; sourceTree = "<group>"; };
		E83E91601A8247F40037F5E0 /* TileDisabledSelected.png */ = {isa = PBXFileReference; lastKnownFileType = image.png; path = TileDisabledSelected.png; sourceTree = "<group>"; };
		E83E91611A8247F40037F5E0 /* TileNormal.png */ = {isa = PBXFileReference; lastKnownFileType = image.png; path = TileNormal.png; sourceTree = "<group>"; };
		E83E91621A8247F40037F5E0 /* TilePattern.png */ = {isa = PBXFileReference; lastKnownFileType = image.png; path = TilePattern.png; sourceTree = "<group>"; };
		E83E91631A8247F40037F5E0 /* TileSelected.png */ = {isa = PBXFileReference; lastKnownFileType = image.png; path = TileSelected.png; sourceTree = "<group>"; };
		E83E91641A8247F40037F5E0 /* TileToday.png */ = {isa = PBXFileReference; lastKnownFileType = image.png; path = TileToday.png; sourceTree = "<group>"; };
		E83E91651A8247F40037F5E0 /* TileTodaySelected.png */ = {isa = PBXFileReference; lastKnownFileType = image.png; path = TileTodaySelected.png; sourceTree = "<group>"; };
		E83E91661A8247F40037F5E0 /* UIMyButton.h */ = {isa = PBXFileReference; fileEncoding = 4; lastKnownFileType = sourcecode.c.h; path = UIMyButton.h; sourceTree = "<group>"; };
		E83E91671A8247F40037F5E0 /* UIMyButton.m */ = {isa = PBXFileReference; fileEncoding = 4; lastKnownFileType = sourcecode.c.objc; path = UIMyButton.m; sourceTree = "<group>"; };
		E83E917C1A8251390037F5E0 /* RHSettingCell.h */ = {isa = PBXFileReference; fileEncoding = 4; lastKnownFileType = sourcecode.c.h; path = RHSettingCell.h; sourceTree = "<group>"; };
		E83E917D1A8251390037F5E0 /* RHSettingCell.m */ = {isa = PBXFileReference; fileEncoding = 4; lastKnownFileType = sourcecode.c.objc; path = RHSettingCell.m; sourceTree = "<group>"; };
		E83E917F1A826ED60037F5E0 /* RHSettingCell1.h */ = {isa = PBXFileReference; fileEncoding = 4; lastKnownFileType = sourcecode.c.h; path = RHSettingCell1.h; sourceTree = "<group>"; };
		E83E91801A826ED60037F5E0 /* RHSettingCell1.m */ = {isa = PBXFileReference; fileEncoding = 4; lastKnownFileType = sourcecode.c.objc; path = RHSettingCell1.m; sourceTree = "<group>"; };
		E83E91821A826EF40037F5E0 /* RHSettingCell2.h */ = {isa = PBXFileReference; fileEncoding = 4; lastKnownFileType = sourcecode.c.h; path = RHSettingCell2.h; sourceTree = "<group>"; };
		E83E91831A826EF40037F5E0 /* RHSettingCell2.m */ = {isa = PBXFileReference; fileEncoding = 4; lastKnownFileType = sourcecode.c.objc; path = RHSettingCell2.m; sourceTree = "<group>"; };
		E841A5311A89CE5900C4CA0F /* RHYuejingFenxiViewCtro.h */ = {isa = PBXFileReference; fileEncoding = 4; lastKnownFileType = sourcecode.c.h; path = RHYuejingFenxiViewCtro.h; sourceTree = "<group>"; };
		E841A5321A89CE5900C4CA0F /* RHYuejingFenxiViewCtro.m */ = {isa = PBXFileReference; fileEncoding = 4; lastKnownFileType = sourcecode.c.objc; path = RHYuejingFenxiViewCtro.m; sourceTree = "<group>"; };
		E841A5351A8A207700C4CA0F /* RHBarGraphView.h */ = {isa = PBXFileReference; fileEncoding = 4; lastKnownFileType = sourcecode.c.h; path = RHBarGraphView.h; sourceTree = "<group>"; };
		E841A5361A8A207700C4CA0F /* RHBarGraphView.m */ = {isa = PBXFileReference; fileEncoding = 4; lastKnownFileType = sourcecode.c.objc; path = RHBarGraphView.m; sourceTree = "<group>"; };
		E841A5391A8A209C00C4CA0F /* GKBar.h */ = {isa = PBXFileReference; fileEncoding = 4; lastKnownFileType = sourcecode.c.h; path = GKBar.h; sourceTree = "<group>"; };
		E841A53A1A8A209C00C4CA0F /* GKBar.m */ = {isa = PBXFileReference; fileEncoding = 4; lastKnownFileType = sourcecode.c.objc; path = GKBar.m; sourceTree = "<group>"; };
		E841A53B1A8A209C00C4CA0F /* GKBarGraph.h */ = {isa = PBXFileReference; fileEncoding = 4; lastKnownFileType = sourcecode.c.h; path = GKBarGraph.h; sourceTree = "<group>"; };
		E841A53C1A8A209C00C4CA0F /* GKBarGraph.m */ = {isa = PBXFileReference; fileEncoding = 4; lastKnownFileType = sourcecode.c.objc; path = GKBarGraph.m; sourceTree = "<group>"; };
		E841A5401A8A210300C4CA0F /* NSArray+MK.h */ = {isa = PBXFileReference; fileEncoding = 4; lastKnownFileType = sourcecode.c.h; path = "NSArray+MK.h"; sourceTree = "<group>"; };
		E841A5411A8A210300C4CA0F /* NSArray+MK_Block.h */ = {isa = PBXFileReference; fileEncoding = 4; lastKnownFileType = sourcecode.c.h; path = "NSArray+MK_Block.h"; sourceTree = "<group>"; };
		E841A5421A8A210300C4CA0F /* NSArray+MK_Block.m */ = {isa = PBXFileReference; fileEncoding = 4; lastKnownFileType = sourcecode.c.objc; path = "NSArray+MK_Block.m"; sourceTree = "<group>"; };
		E841A5431A8A210300C4CA0F /* NSArray+MK_Misc.h */ = {isa = PBXFileReference; fileEncoding = 4; lastKnownFileType = sourcecode.c.h; path = "NSArray+MK_Misc.h"; sourceTree = "<group>"; };
		E841A5441A8A210300C4CA0F /* NSArray+MK_Misc.m */ = {isa = PBXFileReference; fileEncoding = 4; lastKnownFileType = sourcecode.c.objc; path = "NSArray+MK_Misc.m"; sourceTree = "<group>"; };
		E841A5451A8A210300C4CA0F /* NSMutableArray+MK_Misc.h */ = {isa = PBXFileReference; fileEncoding = 4; lastKnownFileType = sourcecode.c.h; path = "NSMutableArray+MK_Misc.h"; sourceTree = "<group>"; };
		E841A5461A8A210300C4CA0F /* NSMutableArray+MK_Misc.m */ = {isa = PBXFileReference; fileEncoding = 4; lastKnownFileType = sourcecode.c.objc; path = "NSMutableArray+MK_Misc.m"; sourceTree = "<group>"; };
		E841A5471A8A210300C4CA0F /* NSMutableArray+MK_Queue.h */ = {isa = PBXFileReference; fileEncoding = 4; lastKnownFileType = sourcecode.c.h; path = "NSMutableArray+MK_Queue.h"; sourceTree = "<group>"; };
		E841A5481A8A210300C4CA0F /* NSMutableArray+MK_Queue.m */ = {isa = PBXFileReference; fileEncoding = 4; lastKnownFileType = sourcecode.c.objc; path = "NSMutableArray+MK_Queue.m"; sourceTree = "<group>"; };
		E841A5491A8A210300C4CA0F /* NSMutableArray+MK_Stack.h */ = {isa = PBXFileReference; fileEncoding = 4; lastKnownFileType = sourcecode.c.h; path = "NSMutableArray+MK_Stack.h"; sourceTree = "<group>"; };
		E841A54A1A8A210300C4CA0F /* NSMutableArray+MK_Stack.m */ = {isa = PBXFileReference; fileEncoding = 4; lastKnownFileType = sourcecode.c.objc; path = "NSMutableArray+MK_Stack.m"; sourceTree = "<group>"; };
		E841A5501A8A27B400C4CA0F /* RHTongFangFenxiViewCtro.h */ = {isa = PBXFileReference; fileEncoding = 4; lastKnownFileType = sourcecode.c.h; path = RHTongFangFenxiViewCtro.h; sourceTree = "<group>"; };
		E841A5511A8A27B400C4CA0F /* RHTongFangFenxiViewCtro.m */ = {isa = PBXFileReference; fileEncoding = 4; lastKnownFileType = sourcecode.c.objc; path = RHTongFangFenxiViewCtro.m; sourceTree = "<group>"; };
		E841A5531A8A290300C4CA0F /* RHYjFxCell.h */ = {isa = PBXFileReference; fileEncoding = 4; lastKnownFileType = sourcecode.c.h; path = RHYjFxCell.h; sourceTree = "<group>"; };
		E841A5541A8A290300C4CA0F /* RHYjFxCell.m */ = {isa = PBXFileReference; fileEncoding = 4; lastKnownFileType = sourcecode.c.objc; path = RHYjFxCell.m; sourceTree = "<group>"; };
		E8442B0C1A8B9CAD009EAF04 /* RHTontFangGraphView.h */ = {isa = PBXFileReference; fileEncoding = 4; lastKnownFileType = sourcecode.c.h; path = RHTontFangGraphView.h; sourceTree = "<group>"; };
		E8442B0D1A8B9CAD009EAF04 /* RHTontFangGraphView.m */ = {isa = PBXFileReference; fileEncoding = 4; lastKnownFileType = sourcecode.c.objc; path = RHTontFangGraphView.m; sourceTree = "<group>"; };
		E8471C441A886B890010A97B /* RHDataModel.h */ = {isa = PBXFileReference; fileEncoding = 4; lastKnownFileType = sourcecode.c.h; path = RHDataModel.h; sourceTree = "<group>"; };
		E8471C451A886B890010A97B /* RHDataModel.m */ = {isa = PBXFileReference; fileEncoding = 4; lastKnownFileType = sourcecode.c.objc; path = RHDataModel.m; sourceTree = "<group>"; };
		E848FF841A776819005B1851 /* RHHomeViewCtro.h */ = {isa = PBXFileReference; fileEncoding = 4; lastKnownFileType = sourcecode.c.h; path = RHHomeViewCtro.h; sourceTree = "<group>"; };
		E848FF851A776819005B1851 /* RHHomeViewCtro.m */ = {isa = PBXFileReference; fileEncoding = 4; lastKnownFileType = sourcecode.c.objc; path = RHHomeViewCtro.m; sourceTree = "<group>"; };
		E848FF931A777FF4005B1851 /* JTCalendar.h */ = {isa = PBXFileReference; fileEncoding = 4; lastKnownFileType = sourcecode.c.h; path = JTCalendar.h; sourceTree = "<group>"; };
		E848FF941A777FF4005B1851 /* JTCalendar.m */ = {isa = PBXFileReference; fileEncoding = 4; lastKnownFileType = sourcecode.c.objc; path = JTCalendar.m; sourceTree = "<group>"; };
		E848FF951A777FF4005B1851 /* JTCalendarAppearance.h */ = {isa = PBXFileReference; fileEncoding = 4; lastKnownFileType = sourcecode.c.h; path = JTCalendarAppearance.h; sourceTree = "<group>"; };
		E848FF961A777FF4005B1851 /* JTCalendarAppearance.m */ = {isa = PBXFileReference; fileEncoding = 4; lastKnownFileType = sourcecode.c.objc; path = JTCalendarAppearance.m; sourceTree = "<group>"; };
		E848FF971A777FF4005B1851 /* JTCalendarContentView.h */ = {isa = PBXFileReference; fileEncoding = 4; lastKnownFileType = sourcecode.c.h; path = JTCalendarContentView.h; sourceTree = "<group>"; };
		E848FF981A777FF4005B1851 /* JTCalendarContentView.m */ = {isa = PBXFileReference; fileEncoding = 4; lastKnownFileType = sourcecode.c.objc; path = JTCalendarContentView.m; sourceTree = "<group>"; };
		E848FF991A777FF4005B1851 /* JTCalendarDataCache.h */ = {isa = PBXFileReference; fileEncoding = 4; lastKnownFileType = sourcecode.c.h; path = JTCalendarDataCache.h; sourceTree = "<group>"; };
		E848FF9A1A777FF4005B1851 /* JTCalendarDataCache.m */ = {isa = PBXFileReference; fileEncoding = 4; lastKnownFileType = sourcecode.c.objc; path = JTCalendarDataCache.m; sourceTree = "<group>"; };
		E848FF9B1A777FF4005B1851 /* JTCalendarDayView.h */ = {isa = PBXFileReference; fileEncoding = 4; lastKnownFileType = sourcecode.c.h; path = JTCalendarDayView.h; sourceTree = "<group>"; };
		E848FF9C1A777FF4005B1851 /* JTCalendarDayView.m */ = {isa = PBXFileReference; fileEncoding = 4; lastKnownFileType = sourcecode.c.objc; path = JTCalendarDayView.m; sourceTree = "<group>"; };
		E848FF9D1A777FF4005B1851 /* JTCalendarMenuMonthView.h */ = {isa = PBXFileReference; fileEncoding = 4; lastKnownFileType = sourcecode.c.h; path = JTCalendarMenuMonthView.h; sourceTree = "<group>"; };
		E848FF9E1A777FF4005B1851 /* JTCalendarMenuMonthView.m */ = {isa = PBXFileReference; fileEncoding = 4; lastKnownFileType = sourcecode.c.objc; path = JTCalendarMenuMonthView.m; sourceTree = "<group>"; };
		E848FF9F1A777FF4005B1851 /* JTCalendarMenuView.h */ = {isa = PBXFileReference; fileEncoding = 4; lastKnownFileType = sourcecode.c.h; path = JTCalendarMenuView.h; sourceTree = "<group>"; };
		E848FFA01A777FF4005B1851 /* JTCalendarMenuView.m */ = {isa = PBXFileReference; fileEncoding = 4; lastKnownFileType = sourcecode.c.objc; path = JTCalendarMenuView.m; sourceTree = "<group>"; };
		E848FFA11A777FF4005B1851 /* JTCalendarMonthView.h */ = {isa = PBXFileReference; fileEncoding = 4; lastKnownFileType = sourcecode.c.h; path = JTCalendarMonthView.h; sourceTree = "<group>"; };
		E848FFA21A777FF4005B1851 /* JTCalendarMonthView.m */ = {isa = PBXFileReference; fileEncoding = 4; lastKnownFileType = sourcecode.c.objc; path = JTCalendarMonthView.m; sourceTree = "<group>"; };
		E848FFA31A777FF4005B1851 /* JTCalendarMonthWeekDaysView.h */ = {isa = PBXFileReference; fileEncoding = 4; lastKnownFileType = sourcecode.c.h; path = JTCalendarMonthWeekDaysView.h; sourceTree = "<group>"; };
		E848FFA41A777FF4005B1851 /* JTCalendarMonthWeekDaysView.m */ = {isa = PBXFileReference; fileEncoding = 4; lastKnownFileType = sourcecode.c.objc; path = JTCalendarMonthWeekDaysView.m; sourceTree = "<group>"; };
		E848FFA51A777FF4005B1851 /* JTCalendarViewDataSource.h */ = {isa = PBXFileReference; fileEncoding = 4; lastKnownFileType = sourcecode.c.h; path = JTCalendarViewDataSource.h; sourceTree = "<group>"; };
		E848FFA61A777FF4005B1851 /* JTCalendarWeekView.h */ = {isa = PBXFileReference; fileEncoding = 4; lastKnownFileType = sourcecode.c.h; path = JTCalendarWeekView.h; sourceTree = "<group>"; };
		E848FFA71A777FF4005B1851 /* JTCalendarWeekView.m */ = {isa = PBXFileReference; fileEncoding = 4; lastKnownFileType = sourcecode.c.objc; path = JTCalendarWeekView.m; sourceTree = "<group>"; };
		E848FFA81A777FF4005B1851 /* JTCircleView.h */ = {isa = PBXFileReference; fileEncoding = 4; lastKnownFileType = sourcecode.c.h; path = JTCircleView.h; sourceTree = "<group>"; };
		E848FFA91A777FF4005B1851 /* JTCircleView.m */ = {isa = PBXFileReference; fileEncoding = 4; lastKnownFileType = sourcecode.c.objc; path = JTCircleView.m; sourceTree = "<group>"; };
		E85E5AE31A86EF2300D98B8A /* RHSettingCell3.h */ = {isa = PBXFileReference; fileEncoding = 4; lastKnownFileType = sourcecode.c.h; path = RHSettingCell3.h; sourceTree = "<group>"; };
		E85E5AE41A86EF2300D98B8A /* RHSettingCell3.m */ = {isa = PBXFileReference; fileEncoding = 4; lastKnownFileType = sourcecode.c.objc; path = RHSettingCell3.m; sourceTree = "<group>"; };
		E85E5AE91A87022400D98B8A /* RHSettingTongfangViewCtro.h */ = {isa = PBXFileReference; fileEncoding = 4; lastKnownFileType = sourcecode.c.h; path = RHSettingTongfangViewCtro.h; sourceTree = "<group>"; };
		E85E5AEA1A87022400D98B8A /* RHSettingTongfangViewCtro.m */ = {isa = PBXFileReference; fileEncoding = 4; lastKnownFileType = sourcecode.c.objc; path = RHSettingTongfangViewCtro.m; sourceTree = "<group>"; };
		E85E5AEC1A87140E00D98B8A /* RHSettingQuluanViewCtro.h */ = {isa = PBXFileReference; fileEncoding = 4; lastKnownFileType = sourcecode.c.h; path = RHSettingQuluanViewCtro.h; sourceTree = "<group>"; };
		E85E5AED1A87140E00D98B8A /* RHSettingQuluanViewCtro.m */ = {isa = PBXFileReference; fileEncoding = 4; lastKnownFileType = sourcecode.c.objc; path = RHSettingQuluanViewCtro.m; sourceTree = "<group>"; };
		E85E5AEF1A871D1800D98B8A /* RHSettingYizhiViewCtro.h */ = {isa = PBXFileReference; fileEncoding = 4; lastKnownFileType = sourcecode.c.h; path = RHSettingYizhiViewCtro.h; sourceTree = "<group>"; };
		E85E5AF01A871D1800D98B8A /* RHSettingYizhiViewCtro.m */ = {isa = PBXFileReference; fileEncoding = 4; lastKnownFileType = sourcecode.c.objc; path = RHSettingYizhiViewCtro.m; sourceTree = "<group>"; };
		E85E5AF21A871F0800D98B8A /* RHSettingDpxfViewCtro.h */ = {isa = PBXFileReference; fileEncoding = 4; lastKnownFileType = sourcecode.c.h; path = RHSettingDpxfViewCtro.h; sourceTree = "<group>"; };
		E85E5AF31A871F0800D98B8A /* RHSettingDpxfViewCtro.m */ = {isa = PBXFileReference; fileEncoding = 4; lastKnownFileType = sourcecode.c.objc; path = RHSettingDpxfViewCtro.m; sourceTree = "<group>"; };
		E85E5AFF1A8727A400D98B8A /* RHSettingBushufuViewCtro.h */ = {isa = PBXFileReference; fileEncoding = 4; lastKnownFileType = sourcecode.c.h; path = RHSettingBushufuViewCtro.h; sourceTree = "<group>"; };
		E85E5B001A8727A400D98B8A /* RHSettingBushufuViewCtro.m */ = {isa = PBXFileReference; fileEncoding = 4; lastKnownFileType = sourcecode.c.objc; path = RHSettingBushufuViewCtro.m; sourceTree = "<group>"; };
		E85E5B261A872F4000D98B8A /* DWTagList.h */ = {isa = PBXFileReference; fileEncoding = 4; lastKnownFileType = sourcecode.c.h; path = DWTagList.h; sourceTree = "<group>"; };
		E85E5B271A872F4000D98B8A /* DWTagList.m */ = {isa = PBXFileReference; fileEncoding = 4; lastKnownFileType = sourcecode.c.objc; path = DWTagList.m; sourceTree = "<group>"; };
		E860F8961A7DC5D2007803A3 /* table_init.sql */ = {isa = PBXFileReference; fileEncoding = 4; lastKnownFileType = text; path = table_init.sql; sourceTree = "<group>"; };
		E860F8991A7DC91F007803A3 /* RHMenstrualViewCtro.h */ = {isa = PBXFileReference; fileEncoding = 4; lastKnownFileType = sourcecode.c.h; path = RHMenstrualViewCtro.h; sourceTree = "<group>"; };
		E860F89A1A7DC91F007803A3 /* RHMenstrualViewCtro.m */ = {isa = PBXFileReference; fileEncoding = 4; lastKnownFileType = sourcecode.c.objc; path = RHMenstrualViewCtro.m; sourceTree = "<group>"; };
		E860F8A01A7DC9CF007803A3 /* RHMenstrualDataHelper.h */ = {isa = PBXFileReference; fileEncoding = 4; lastKnownFileType = sourcecode.c.h; path = RHMenstrualDataHelper.h; sourceTree = "<group>"; };
		E860F8A11A7DC9CF007803A3 /* RHMenstrualDataHelper.m */ = {isa = PBXFileReference; fileEncoding = 4; lastKnownFileType = sourcecode.c.objc; path = RHMenstrualDataHelper.m; sourceTree = "<group>"; };
		E860F8A41A7DC9F2007803A3 /* RHRootDataHelper.h */ = {isa = PBXFileReference; fileEncoding = 4; lastKnownFileType = sourcecode.c.h; path = RHRootDataHelper.h; sourceTree = "<group>"; };
		E860F8A51A7DC9F2007803A3 /* RHRootDataHelper.m */ = {isa = PBXFileReference; fileEncoding = 4; lastKnownFileType = sourcecode.c.objc; path = RHRootDataHelper.m; sourceTree = "<group>"; };
		E860F8A61A7DC9F2007803A3 /* RHRootNavCtro.h */ = {isa = PBXFileReference; fileEncoding = 4; lastKnownFileType = sourcecode.c.h; path = RHRootNavCtro.h; sourceTree = "<group>"; };
		E860F8A71A7DC9F2007803A3 /* RHRootNavCtro.m */ = {isa = PBXFileReference; fileEncoding = 4; lastKnownFileType = sourcecode.c.objc; path = RHRootNavCtro.m; sourceTree = "<group>"; };
		E860F8A81A7DC9F2007803A3 /* RHRootViewCtro.h */ = {isa = PBXFileReference; fileEncoding = 4; lastKnownFileType = sourcecode.c.h; path = RHRootViewCtro.h; sourceTree = "<group>"; };
		E860F8A91A7DC9F2007803A3 /* RHRootViewCtro.m */ = {isa = PBXFileReference; fileEncoding = 4; lastKnownFileType = sourcecode.c.objc; path = RHRootViewCtro.m; sourceTree = "<group>"; };
		E860F8AE1A7DCF9B007803A3 /* RHCommDef.h */ = {isa = PBXFileReference; fileEncoding = 4; lastKnownFileType = sourcecode.c.h; path = RHCommDef.h; sourceTree = "<group>"; };
		E863D56A1A76172A0070F1F4 /* VHReproductiveHealth.app */ = {isa = PBXFileReference; explicitFileType = wrapper.application; includeInIndex = 0; path = VHReproductiveHealth.app; sourceTree = BUILT_PRODUCTS_DIR; };
		E863D56E1A76172A0070F1F4 /* Info.plist */ = {isa = PBXFileReference; lastKnownFileType = text.plist.xml; path = Info.plist; sourceTree = "<group>"; };
		E863D56F1A76172A0070F1F4 /* main.m */ = {isa = PBXFileReference; lastKnownFileType = sourcecode.c.objc; path = main.m; sourceTree = "<group>"; };
		E863D5711A76172A0070F1F4 /* RHAppDelegate.h */ = {isa = PBXFileReference; lastKnownFileType = sourcecode.c.h; path = RHAppDelegate.h; sourceTree = "<group>"; };
		E863D5721A76172A0070F1F4 /* RHAppDelegate.m */ = {isa = PBXFileReference; lastKnownFileType = sourcecode.c.objc; path = RHAppDelegate.m; sourceTree = "<group>"; };
		E863D57A1A76172A0070F1F4 /* Images.xcassets */ = {isa = PBXFileReference; lastKnownFileType = folder.assetcatalog; path = Images.xcassets; sourceTree = "<group>"; };
		E863D5831A76172B0070F1F4 /* VHReproductiveHealthTests.xctest */ = {isa = PBXFileReference; explicitFileType = wrapper.cfbundle; includeInIndex = 0; path = VHReproductiveHealthTests.xctest; sourceTree = BUILT_PRODUCTS_DIR; };
		E863D5881A76172B0070F1F4 /* Info.plist */ = {isa = PBXFileReference; lastKnownFileType = text.plist.xml; path = Info.plist; sourceTree = "<group>"; };
		E863D5891A76172B0070F1F4 /* VHReproductiveHealthTests.m */ = {isa = PBXFileReference; lastKnownFileType = sourcecode.c.objc; path = VHReproductiveHealthTests.m; sourceTree = "<group>"; };
		E863D5931A7660610070F1F4 /* VHReproductiveHealth-Prefix.pch */ = {isa = PBXFileReference; fileEncoding = 4; lastKnownFileType = sourcecode.c.h; path = "VHReproductiveHealth-Prefix.pch"; sourceTree = "<group>"; };
		E863D5C61A766C0F0070F1F4 /* RHUIApplication.h */ = {isa = PBXFileReference; fileEncoding = 4; lastKnownFileType = sourcecode.c.h; path = RHUIApplication.h; sourceTree = "<group>"; };
		E863D5C71A766C0F0070F1F4 /* RHUIApplication.m */ = {isa = PBXFileReference; fileEncoding = 4; lastKnownFileType = sourcecode.c.objc; path = RHUIApplication.m; sourceTree = "<group>"; };
		E89ED2571A8922CE002CA0EB /* RHDayProvider.h */ = {isa = PBXFileReference; fileEncoding = 4; lastKnownFileType = sourcecode.c.h; path = RHDayProvider.h; sourceTree = "<group>"; };
		E89ED2581A8922CE002CA0EB /* RHDayProvider.m */ = {isa = PBXFileReference; fileEncoding = 4; lastKnownFileType = sourcecode.c.objc; path = RHDayProvider.m; sourceTree = "<group>"; };
		E89ED25A1A892F3A002CA0EB /* RHMyJingliViewCtro.h */ = {isa = PBXFileReference; fileEncoding = 4; lastKnownFileType = sourcecode.c.h; path = RHMyJingliViewCtro.h; sourceTree = "<group>"; };
		E89ED25B1A892F3A002CA0EB /* RHMyJingliViewCtro.m */ = {isa = PBXFileReference; fileEncoding = 4; lastKnownFileType = sourcecode.c.objc; path = RHMyJingliViewCtro.m; sourceTree = "<group>"; };
		E8FC7DEE1A87536F0009403E /* main.sql */ = {isa = PBXFileReference; fileEncoding = 4; lastKnownFileType = text; path = main.sql; sourceTree = "<group>"; };
		E8FC7DF61A8758840009403E /* RHMenstrualDataManger.h */ = {isa = PBXFileReference; fileEncoding = 4; lastKnownFileType = sourcecode.c.h; path = RHMenstrualDataManger.h; sourceTree = "<group>"; };
		E8FC7DF71A8758840009403E /* RHMenstrualDataManger.m */ = {isa = PBXFileReference; fileEncoding = 4; lastKnownFileType = sourcecode.c.objc; path = RHMenstrualDataManger.m; sourceTree = "<group>"; };
		E8FC7DFA1A875C350009403E /* RHBiaoZhuModel.h */ = {isa = PBXFileReference; fileEncoding = 4; lastKnownFileType = sourcecode.c.h; path = RHBiaoZhuModel.h; sourceTree = "<group>"; };
		E8FC7DFB1A875C350009403E /* RHBiaoZhuModel.m */ = {isa = PBXFileReference; fileEncoding = 4; lastKnownFileType = sourcecode.c.objc; path = RHBiaoZhuModel.m; sourceTree = "<group>"; };
		E8FC7DFE1A8768380009403E /* NSDate+Helper.h */ = {isa = PBXFileReference; fileEncoding = 4; lastKnownFileType = sourcecode.c.h; path = "NSDate+Helper.h"; sourceTree = "<group>"; };
		E8FC7DFF1A8768380009403E /* NSDate+Helper.m */ = {isa = PBXFileReference; fileEncoding = 4; lastKnownFileType = sourcecode.c.objc; path = "NSDate+Helper.m"; sourceTree = "<group>"; };
		E8FC7E011A87ABAA0009403E /* RHDayimaModel.h */ = {isa = PBXFileReference; fileEncoding = 4; lastKnownFileType = sourcecode.c.h; path = RHDayimaModel.h; sourceTree = "<group>"; };
		E8FC7E021A87ABAA0009403E /* RHDayimaModel.m */ = {isa = PBXFileReference; fileEncoding = 4; lastKnownFileType = sourcecode.c.objc; path = RHDayimaModel.m; sourceTree = "<group>"; };
		E8FC7E041A87C4040009403E /* RHStyleProvider.h */ = {isa = PBXFileReference; fileEncoding = 4; lastKnownFileType = sourcecode.c.h; path = RHStyleProvider.h; sourceTree = "<group>"; };
		E8FC7E051A87C4040009403E /* RHStyleProvider.m */ = {isa = PBXFileReference; fileEncoding = 4; lastKnownFileType = sourcecode.c.objc; path = RHStyleProvider.m; sourceTree = "<group>"; };
		E8FC7E071A87C6830009403E /* RHCalendarCell.h */ = {isa = PBXFileReference; fileEncoding = 4; lastKnownFileType = sourcecode.c.h; path = RHCalendarCell.h; sourceTree = "<group>"; };
		E8FC7E081A87C6830009403E /* RHCalendarCell.m */ = {isa = PBXFileReference; fileEncoding = 4; lastKnownFileType = sourcecode.c.objc; path = RHCalendarCell.m; sourceTree = "<group>"; };
/* End PBXFileReference section */

/* Begin PBXFrameworksBuildPhase section */
		E863D5671A76172A0070F1F4 /* Frameworks */ = {
			isa = PBXFrameworksBuildPhase;
			buildActionMask = 2147483647;
			files = (
				9979925E618F2A8E4CB833A0 /* libPods-VHReproductiveHealth.a in Frameworks */,
			);
			runOnlyForDeploymentPostprocessing = 0;
		};
		E863D5801A76172B0070F1F4 /* Frameworks */ = {
			isa = PBXFrameworksBuildPhase;
			buildActionMask = 2147483647;
			files = (
			);
			runOnlyForDeploymentPostprocessing = 0;
		};
/* End PBXFrameworksBuildPhase section */

/* Begin PBXGroup section */
		12DF50B7A23BEAFE51BACF74 /* Pods */ = {
			isa = PBXGroup;
			children = (
				0FF0C1C3316D169A5BEF0A20 /* Pods-VHReproductiveHealth.debug.xcconfig */,
				20A3E4A742051B773C4C31D7 /* Pods-VHReproductiveHealth.release.xcconfig */,
			);
			name = Pods;
			sourceTree = "<group>";
		};
		D285D79DBE8054B14316F22F /* Frameworks */ = {
			isa = PBXGroup;
			children = (
				92B9E74EF59C39DFD892495A /* libPods-VHReproductiveHealth.a */,
			);
			name = Frameworks;
			sourceTree = "<group>";
		};
		E8358DD21A8C3B78007137ED /* CHCircleGaugeView */ = {
			isa = PBXGroup;
			children = (
				E8358DD31A8C3B78007137ED /* CHCircleGaugeView.h */,
				E8358DD41A8C3B78007137ED /* CHCircleGaugeView.m */,
				E8358DD51A8C3B78007137ED /* CHCircleGaugeViewDebugMacros.h */,
			);
			path = CHCircleGaugeView;
			sourceTree = "<group>";
		};
		E83BB5A91A8674AB002DD31C /* Setting */ = {
			isa = PBXGroup;
			children = (
				E83BB5AC1A8674AB002DD31C /* RHSettingSuperViewCtro.h */,
				E83BB5AD1A8674AB002DD31C /* RHSettingSuperViewCtro.m */,
				E83BB5AA1A8674AB002DD31C /* RHSettingMenstrualViewCtro.h */,
				E83BB5AB1A8674AB002DD31C /* RHSettingMenstrualViewCtro.m */,
				E85E5AE91A87022400D98B8A /* RHSettingTongfangViewCtro.h */,
				E85E5AEA1A87022400D98B8A /* RHSettingTongfangViewCtro.m */,
				E85E5AEC1A87140E00D98B8A /* RHSettingQuluanViewCtro.h */,
				E85E5AED1A87140E00D98B8A /* RHSettingQuluanViewCtro.m */,
				E85E5AEF1A871D1800D98B8A /* RHSettingYizhiViewCtro.h */,
				E85E5AF01A871D1800D98B8A /* RHSettingYizhiViewCtro.m */,
				E85E5AF21A871F0800D98B8A /* RHSettingDpxfViewCtro.h */,
				E85E5AF31A871F0800D98B8A /* RHSettingDpxfViewCtro.m */,
				E85E5AFF1A8727A400D98B8A /* RHSettingBushufuViewCtro.h */,
				E85E5B001A8727A400D98B8A /* RHSettingBushufuViewCtro.m */,
			);
			path = Setting;
			sourceTree = "<group>";
		};
		E83E91451A8247F40037F5E0 /* ABCalendarPicker */ = {
			isa = PBXGroup;
			children = (
				E83E91461A8247F40037F5E0 /* ABCalendarPicker-Prefix.pch */,
				E83E91471A8247F40037F5E0 /* ABCalendarPicker.h */,
				E83E91481A8247F40037F5E0 /* ABCalendarPicker.m */,
				E83E91491A8247F40037F5E0 /* ABCalendarPickerDataSourceProtocol.h */,
				E83E914A1A8247F40037F5E0 /* ABCalendarPickerDateProviderProtocol.h */,
				E83E914B1A8247F40037F5E0 /* ABCalendarPickerDefaultDaysProvider.h */,
				E83E914C1A8247F40037F5E0 /* ABCalendarPickerDefaultDaysProvider.m */,
				E83E914D1A8247F40037F5E0 /* ABCalendarPickerDefaultErasProvider.h */,
				E83E914E1A8247F40037F5E0 /* ABCalendarPickerDefaultErasProvider.m */,
				E83E914F1A8247F40037F5E0 /* ABCalendarPickerDefaultMonthsProvider.h */,
				E83E91501A8247F40037F5E0 /* ABCalendarPickerDefaultMonthsProvider.m */,
				E83E91511A8247F40037F5E0 /* ABCalendarPickerDefaultSeasonedMonthsProvider.h */,
				E83E91521A8247F40037F5E0 /* ABCalendarPickerDefaultSeasonedMonthsProvider.m */,
				E83E91531A8247F40037F5E0 /* ABCalendarPickerDefaultStyleProvider.h */,
				E83E91541A8247F40037F5E0 /* ABCalendarPickerDefaultStyleProvider.m */,
				E83E91551A8247F40037F5E0 /* ABCalendarPickerDefaultTripleWeekdaysProvider.h */,
				E83E91561A8247F40037F5E0 /* ABCalendarPickerDefaultTripleWeekdaysProvider.m */,
				E83E91571A8247F40037F5E0 /* ABCalendarPickerDefaultWeekdaysProvider.h */,
				E83E91581A8247F40037F5E0 /* ABCalendarPickerDefaultWeekdaysProvider.m */,
				E83E91591A8247F40037F5E0 /* ABCalendarPickerDefaultYearsProvider.h */,
				E83E915A1A8247F40037F5E0 /* ABCalendarPickerDefaultYearsProvider.m */,
				E83E915B1A8247F40037F5E0 /* ABCalendarPickerDelegateProtocol.h */,
				E83E915C1A8247F40037F5E0 /* ABCalendarPickerStyleProviderProtocol.h */,
				E83E915D1A8247F40037F5E0 /* ABViewPool.h */,
				E83E915E1A8247F40037F5E0 /* ABViewPool.m */,
				E83E915F1A8247F40037F5E0 /* GradientBar.png */,
				E83E91601A8247F40037F5E0 /* TileDisabledSelected.png */,
				E83E91611A8247F40037F5E0 /* TileNormal.png */,
				E83E91621A8247F40037F5E0 /* TilePattern.png */,
				E83E91631A8247F40037F5E0 /* TileSelected.png */,
				E83E91641A8247F40037F5E0 /* TileToday.png */,
				E83E91651A8247F40037F5E0 /* TileTodaySelected.png */,
				E83E91661A8247F40037F5E0 /* UIMyButton.h */,
				E83E91671A8247F40037F5E0 /* UIMyButton.m */,
			);
			path = ABCalendarPicker;
			sourceTree = "<group>";
		};
		E83E917B1A8251090037F5E0 /* View */ = {
			isa = PBXGroup;
			children = (
				E841A5351A8A207700C4CA0F /* RHBarGraphView.h */,
				E841A5361A8A207700C4CA0F /* RHBarGraphView.m */,
				E8442B0C1A8B9CAD009EAF04 /* RHTontFangGraphView.h */,
				E8442B0D1A8B9CAD009EAF04 /* RHTontFangGraphView.m */,
				E83E917C1A8251390037F5E0 /* RHSettingCell.h */,
				E83E917D1A8251390037F5E0 /* RHSettingCell.m */,
				E83E917F1A826ED60037F5E0 /* RHSettingCell1.h */,
				E83E91801A826ED60037F5E0 /* RHSettingCell1.m */,
				E83E91821A826EF40037F5E0 /* RHSettingCell2.h */,
				E83E91831A826EF40037F5E0 /* RHSettingCell2.m */,
				E85E5AE31A86EF2300D98B8A /* RHSettingCell3.h */,
				E85E5AE41A86EF2300D98B8A /* RHSettingCell3.m */,
				E8FC7E041A87C4040009403E /* RHStyleProvider.h */,
				E8FC7E051A87C4040009403E /* RHStyleProvider.m */,
				E8FC7E071A87C6830009403E /* RHCalendarCell.h */,
				E8FC7E081A87C6830009403E /* RHCalendarCell.m */,
				E89ED2571A8922CE002CA0EB /* RHDayProvider.h */,
				E89ED2581A8922CE002CA0EB /* RHDayProvider.m */,
				E841A5531A8A290300C4CA0F /* RHYjFxCell.h */,
				E841A5541A8A290300C4CA0F /* RHYjFxCell.m */,
			);
			path = View;
			sourceTree = "<group>";
		};
		E841A5381A8A209C00C4CA0F /* BarGraph */ = {
			isa = PBXGroup;
			children = (
				E841A5391A8A209C00C4CA0F /* GKBar.h */,
				E841A53A1A8A209C00C4CA0F /* GKBar.m */,
				E841A53B1A8A209C00C4CA0F /* GKBarGraph.h */,
				E841A53C1A8A209C00C4CA0F /* GKBarGraph.m */,
			);
			path = BarGraph;
			sourceTree = "<group>";
		};
		E841A53F1A8A210300C4CA0F /* NSArray */ = {
			isa = PBXGroup;
			children = (
				E841A5401A8A210300C4CA0F /* NSArray+MK.h */,
				E841A5411A8A210300C4CA0F /* NSArray+MK_Block.h */,
				E841A5421A8A210300C4CA0F /* NSArray+MK_Block.m */,
				E841A5431A8A210300C4CA0F /* NSArray+MK_Misc.h */,
				E841A5441A8A210300C4CA0F /* NSArray+MK_Misc.m */,
				E841A5451A8A210300C4CA0F /* NSMutableArray+MK_Misc.h */,
				E841A5461A8A210300C4CA0F /* NSMutableArray+MK_Misc.m */,
				E841A5471A8A210300C4CA0F /* NSMutableArray+MK_Queue.h */,
				E841A5481A8A210300C4CA0F /* NSMutableArray+MK_Queue.m */,
				E841A5491A8A210300C4CA0F /* NSMutableArray+MK_Stack.h */,
				E841A54A1A8A210300C4CA0F /* NSMutableArray+MK_Stack.m */,
			);
			path = NSArray;
			sourceTree = "<group>";
		};
		E848FF821A7767A2005B1851 /* Home */ = {
			isa = PBXGroup;
			children = (
				E848FF841A776819005B1851 /* RHHomeViewCtro.h */,
				E848FF851A776819005B1851 /* RHHomeViewCtro.m */,
			);
			path = Home;
			sourceTree = "<group>";
		};
		E848FF831A7767A2005B1851 /* Menstrual */ = {
			isa = PBXGroup;
			children = (
				E8FC7DF91A875C030009403E /* Model */,
				E8FC7DED1A8753540009403E /* Data */,
				E860F8981A7DC91F007803A3 /* Controller */,
				E83E917B1A8251090037F5E0 /* View */,
				E860F89B1A7DC91F007803A3 /* DataHelper */,
			);
			path = Menstrual;
			sourceTree = "<group>";
		};
		E848FF8A1A777214005B1851 /* Thirdparty */ = {
			isa = PBXGroup;
			children = (
				E8358DD21A8C3B78007137ED /* CHCircleGaugeView */,
				E841A53F1A8A210300C4CA0F /* NSArray */,
				E841A5381A8A209C00C4CA0F /* BarGraph */,
				E8FC7DFD1A8768380009403E /* NSDate+Helper */,
				E85E5B251A872F4000D98B8A /* DWTagList */,
				E83E91451A8247F40037F5E0 /* ABCalendarPicker */,
				E848FF921A777FF4005B1851 /* JTCalendar */,
			);
			path = Thirdparty;
			sourceTree = "<group>";
		};
		E848FF921A777FF4005B1851 /* JTCalendar */ = {
			isa = PBXGroup;
			children = (
				E848FF931A777FF4005B1851 /* JTCalendar.h */,
				E848FF941A777FF4005B1851 /* JTCalendar.m */,
				E848FF951A777FF4005B1851 /* JTCalendarAppearance.h */,
				E848FF961A777FF4005B1851 /* JTCalendarAppearance.m */,
				E848FF971A777FF4005B1851 /* JTCalendarContentView.h */,
				E848FF981A777FF4005B1851 /* JTCalendarContentView.m */,
				E848FF991A777FF4005B1851 /* JTCalendarDataCache.h */,
				E848FF9A1A777FF4005B1851 /* JTCalendarDataCache.m */,
				E848FF9B1A777FF4005B1851 /* JTCalendarDayView.h */,
				E848FF9C1A777FF4005B1851 /* JTCalendarDayView.m */,
				E848FF9D1A777FF4005B1851 /* JTCalendarMenuMonthView.h */,
				E848FF9E1A777FF4005B1851 /* JTCalendarMenuMonthView.m */,
				E848FF9F1A777FF4005B1851 /* JTCalendarMenuView.h */,
				E848FFA01A777FF4005B1851 /* JTCalendarMenuView.m */,
				E848FFA11A777FF4005B1851 /* JTCalendarMonthView.h */,
				E848FFA21A777FF4005B1851 /* JTCalendarMonthView.m */,
				E848FFA31A777FF4005B1851 /* JTCalendarMonthWeekDaysView.h */,
				E848FFA41A777FF4005B1851 /* JTCalendarMonthWeekDaysView.m */,
				E848FFA51A777FF4005B1851 /* JTCalendarViewDataSource.h */,
				E848FFA61A777FF4005B1851 /* JTCalendarWeekView.h */,
				E848FFA71A777FF4005B1851 /* JTCalendarWeekView.m */,
				E848FFA81A777FF4005B1851 /* JTCircleView.h */,
				E848FFA91A777FF4005B1851 /* JTCircleView.m */,
			);
			path = JTCalendar;
			sourceTree = "<group>";
		};
		E84DA7D41A79092C00E2536D /* Resources */ = {
			isa = PBXGroup;
			children = (
				E860F8951A7DC5AF007803A3 /* DB */,
			);
			path = Resources;
			sourceTree = "<group>";
		};
		E85E5B251A872F4000D98B8A /* DWTagList */ = {
			isa = PBXGroup;
			children = (
				E85E5B261A872F4000D98B8A /* DWTagList.h */,
				E85E5B271A872F4000D98B8A /* DWTagList.m */,
			);
			path = DWTagList;
			sourceTree = "<group>";
		};
		E860F8951A7DC5AF007803A3 /* DB */ = {
			isa = PBXGroup;
			children = (
				E860F8961A7DC5D2007803A3 /* table_init.sql */,
			);
			path = DB;
			sourceTree = "<group>";
		};
		E860F8981A7DC91F007803A3 /* Controller */ = {
			isa = PBXGroup;
			children = (
				E89ED25A1A892F3A002CA0EB /* RHMyJingliViewCtro.h */,
				E89ED25B1A892F3A002CA0EB /* RHMyJingliViewCtro.m */,
				E860F8991A7DC91F007803A3 /* RHMenstrualViewCtro.h */,
				E860F89A1A7DC91F007803A3 /* RHMenstrualViewCtro.m */,
				E841A5311A89CE5900C4CA0F /* RHYuejingFenxiViewCtro.h */,
				E841A5321A89CE5900C4CA0F /* RHYuejingFenxiViewCtro.m */,
				E841A5501A8A27B400C4CA0F /* RHTongFangFenxiViewCtro.h */,
				E841A5511A8A27B400C4CA0F /* RHTongFangFenxiViewCtro.m */,
				E83BB5A91A8674AB002DD31C /* Setting */,
			);
			path = Controller;
			sourceTree = "<group>";
		};
		E860F89B1A7DC91F007803A3 /* DataHelper */ = {
			isa = PBXGroup;
			children = (
				E860F8A01A7DC9CF007803A3 /* RHMenstrualDataHelper.h */,
				E860F8A11A7DC9CF007803A3 /* RHMenstrualDataHelper.m */,
			);
			path = DataHelper;
			sourceTree = "<group>";
		};
		E860F8A31A7DC9F2007803A3 /* Root */ = {
			isa = PBXGroup;
			children = (
				E860F8A41A7DC9F2007803A3 /* RHRootDataHelper.h */,
				E860F8A51A7DC9F2007803A3 /* RHRootDataHelper.m */,
				E860F8A61A7DC9F2007803A3 /* RHRootNavCtro.h */,
				E860F8A71A7DC9F2007803A3 /* RHRootNavCtro.m */,
				E860F8A81A7DC9F2007803A3 /* RHRootViewCtro.h */,
				E860F8A91A7DC9F2007803A3 /* RHRootViewCtro.m */,
			);
			path = Root;
			sourceTree = "<group>";
		};
		E860F8AD1A7DCF83007803A3 /* Common */ = {
			isa = PBXGroup;
			children = (
				E860F8AE1A7DCF9B007803A3 /* RHCommDef.h */,
			);
			path = Common;
			sourceTree = "<group>";
		};
		E863D5611A76172A0070F1F4 = {
			isa = PBXGroup;
			children = (
				E863D56C1A76172A0070F1F4 /* VHReproductiveHealth */,
				E863D5861A76172B0070F1F4 /* VHReproductiveHealthTests */,
				E863D56B1A76172A0070F1F4 /* Products */,
				12DF50B7A23BEAFE51BACF74 /* Pods */,
				D285D79DBE8054B14316F22F /* Frameworks */,
			);
			sourceTree = "<group>";
		};
		E863D56B1A76172A0070F1F4 /* Products */ = {
			isa = PBXGroup;
			children = (
				E863D56A1A76172A0070F1F4 /* VHReproductiveHealth.app */,
				E863D5831A76172B0070F1F4 /* VHReproductiveHealthTests.xctest */,
			);
			name = Products;
			sourceTree = "<group>";
		};
		E863D56C1A76172A0070F1F4 /* VHReproductiveHealth */ = {
			isa = PBXGroup;
			children = (
				E863D5C61A766C0F0070F1F4 /* RHUIApplication.h */,
				E863D5C71A766C0F0070F1F4 /* RHUIApplication.m */,
				E863D5711A76172A0070F1F4 /* RHAppDelegate.h */,
				E863D5721A76172A0070F1F4 /* RHAppDelegate.m */,
				E860F8AD1A7DCF83007803A3 /* Common */,
				E863D5CD1A766F0A0070F1F4 /* Module */,
				E848FF8A1A777214005B1851 /* Thirdparty */,
				E84DA7D41A79092C00E2536D /* Resources */,
				E863D56D1A76172A0070F1F4 /* Supporting Files */,
			);
			path = VHReproductiveHealth;
			sourceTree = "<group>";
		};
		E863D56D1A76172A0070F1F4 /* Supporting Files */ = {
			isa = PBXGroup;
			children = (
				E863D56F1A76172A0070F1F4 /* main.m */,
				E863D56E1A76172A0070F1F4 /* Info.plist */,
				E863D5931A7660610070F1F4 /* VHReproductiveHealth-Prefix.pch */,
				E863D57A1A76172A0070F1F4 /* Images.xcassets */,
			);
			name = "Supporting Files";
			sourceTree = "<group>";
		};
		E863D5861A76172B0070F1F4 /* VHReproductiveHealthTests */ = {
			isa = PBXGroup;
			children = (
				E863D5891A76172B0070F1F4 /* VHReproductiveHealthTests.m */,
				E863D5871A76172B0070F1F4 /* Supporting Files */,
			);
			path = VHReproductiveHealthTests;
			sourceTree = "<group>";
		};
		E863D5871A76172B0070F1F4 /* Supporting Files */ = {
			isa = PBXGroup;
			children = (
				E863D5881A76172B0070F1F4 /* Info.plist */,
			);
			name = "Supporting Files";
			sourceTree = "<group>";
		};
		E863D5CD1A766F0A0070F1F4 /* Module */ = {
			isa = PBXGroup;
			children = (
				E860F8A31A7DC9F2007803A3 /* Root */,
				E848FF821A7767A2005B1851 /* Home */,
				E848FF831A7767A2005B1851 /* Menstrual */,
			);
			path = Module;
			sourceTree = "<group>";
		};
		E8FC7DED1A8753540009403E /* Data */ = {
			isa = PBXGroup;
			children = (
				E8FC7DEE1A87536F0009403E /* main.sql */,
				E8FC7DF61A8758840009403E /* RHMenstrualDataManger.h */,
				E8FC7DF71A8758840009403E /* RHMenstrualDataManger.m */,
			);
			path = Data;
			sourceTree = "<group>";
		};
		E8FC7DF91A875C030009403E /* Model */ = {
			isa = PBXGroup;
			children = (
				E8471C441A886B890010A97B /* RHDataModel.h */,
				E8471C451A886B890010A97B /* RHDataModel.m */,
				E8FC7DFA1A875C350009403E /* RHBiaoZhuModel.h */,
				E8FC7DFB1A875C350009403E /* RHBiaoZhuModel.m */,
				E8FC7E011A87ABAA0009403E /* RHDayimaModel.h */,
				E8FC7E021A87ABAA0009403E /* RHDayimaModel.m */,
				E8358DD71A8C90C3007137ED /* RHKoufubiyuanyaoModel.h */,
				E8358DD81A8C90C3007137ED /* RHKoufubiyuanyaoModel.m */,
				E8358DDA1A8C90DF007137ED /* RHRedianliliaoModel.h */,
				E8358DDB1A8C90DF007137ED /* RHRedianliliaoModel.m */,
			);
			path = Model;
			sourceTree = "<group>";
		};
		E8FC7DFD1A8768380009403E /* NSDate+Helper */ = {
			isa = PBXGroup;
			children = (
				E8FC7DFE1A8768380009403E /* NSDate+Helper.h */,
				E8FC7DFF1A8768380009403E /* NSDate+Helper.m */,
			);
			path = "NSDate+Helper";
			sourceTree = "<group>";
		};
/* End PBXGroup section */

/* Begin PBXNativeTarget section */
		E863D5691A76172A0070F1F4 /* VHReproductiveHealth */ = {
			isa = PBXNativeTarget;
			buildConfigurationList = E863D58D1A76172B0070F1F4 /* Build configuration list for PBXNativeTarget "VHReproductiveHealth" */;
			buildPhases = (
				1661043354D9F20601DA3F48 /* Check Pods Manifest.lock */,
				E863D5661A76172A0070F1F4 /* Sources */,
				E863D5671A76172A0070F1F4 /* Frameworks */,
				E863D5681A76172A0070F1F4 /* Resources */,
				524FEC6B4CC7EA5DD749293B /* Copy Pods Resources */,
			);
			buildRules = (
			);
			dependencies = (
			);
			name = VHReproductiveHealth;
			productName = VHReproductiveHealth;
			productReference = E863D56A1A76172A0070F1F4 /* VHReproductiveHealth.app */;
			productType = "com.apple.product-type.application";
		};
		E863D5821A76172B0070F1F4 /* VHReproductiveHealthTests */ = {
			isa = PBXNativeTarget;
			buildConfigurationList = E863D5901A76172B0070F1F4 /* Build configuration list for PBXNativeTarget "VHReproductiveHealthTests" */;
			buildPhases = (
				E863D57F1A76172B0070F1F4 /* Sources */,
				E863D5801A76172B0070F1F4 /* Frameworks */,
				E863D5811A76172B0070F1F4 /* Resources */,
			);
			buildRules = (
			);
			dependencies = (
				E863D5851A76172B0070F1F4 /* PBXTargetDependency */,
			);
			name = VHReproductiveHealthTests;
			productName = VHReproductiveHealthTests;
			productReference = E863D5831A76172B0070F1F4 /* VHReproductiveHealthTests.xctest */;
			productType = "com.apple.product-type.bundle.unit-test";
		};
/* End PBXNativeTarget section */

/* Begin PBXProject section */
		E863D5621A76172A0070F1F4 /* Project object */ = {
			isa = PBXProject;
			attributes = {
				CLASSPREFIX = RH;
				LastUpgradeCheck = 0610;
				ORGANIZATIONNAME = vichiger;
				TargetAttributes = {
					E863D5691A76172A0070F1F4 = {
						CreatedOnToolsVersion = 6.1.1;
						DevelopmentTeam = 7GZHY42TY5;
					};
					E863D5821A76172B0070F1F4 = {
						CreatedOnToolsVersion = 6.1.1;
						TestTargetID = E863D5691A76172A0070F1F4;
					};
				};
			};
			buildConfigurationList = E863D5651A76172A0070F1F4 /* Build configuration list for PBXProject "VHReproductiveHealth" */;
			compatibilityVersion = "Xcode 3.2";
			developmentRegion = English;
			hasScannedForEncodings = 0;
			knownRegions = (
				en,
				Base,
			);
			mainGroup = E863D5611A76172A0070F1F4;
			productRefGroup = E863D56B1A76172A0070F1F4 /* Products */;
			projectDirPath = "";
			projectRoot = "";
			targets = (
				E863D5691A76172A0070F1F4 /* VHReproductiveHealth */,
				E863D5821A76172B0070F1F4 /* VHReproductiveHealthTests */,
			);
		};
/* End PBXProject section */

/* Begin PBXResourcesBuildPhase section */
		E863D5681A76172A0070F1F4 /* Resources */ = {
			isa = PBXResourcesBuildPhase;
			buildActionMask = 2147483647;
			files = (
				E83E91781A8247F40037F5E0 /* TileTodaySelected.png in Resources */,
				E83E91721A8247F40037F5E0 /* GradientBar.png in Resources */,
				E83E91761A8247F40037F5E0 /* TileSelected.png in Resources */,
				E863D57B1A76172A0070F1F4 /* Images.xcassets in Resources */,
				E83E91741A8247F40037F5E0 /* TileNormal.png in Resources */,
				E83E91731A8247F40037F5E0 /* TileDisabledSelected.png in Resources */,
				E83E91751A8247F40037F5E0 /* TilePattern.png in Resources */,
				E8FC7DEF1A87536F0009403E /* main.sql in Resources */,
				E860F8971A7DC5D2007803A3 /* table_init.sql in Resources */,
				E83E91771A8247F40037F5E0 /* TileToday.png in Resources */,
			);
			runOnlyForDeploymentPostprocessing = 0;
		};
		E863D5811A76172B0070F1F4 /* Resources */ = {
			isa = PBXResourcesBuildPhase;
			buildActionMask = 2147483647;
			files = (
			);
			runOnlyForDeploymentPostprocessing = 0;
		};
/* End PBXResourcesBuildPhase section */

/* Begin PBXShellScriptBuildPhase section */
		1661043354D9F20601DA3F48 /* Check Pods Manifest.lock */ = {
			isa = PBXShellScriptBuildPhase;
			buildActionMask = 2147483647;
			files = (
			);
			inputPaths = (
			);
			name = "Check Pods Manifest.lock";
			outputPaths = (
			);
			runOnlyForDeploymentPostprocessing = 0;
			shellPath = /bin/sh;
			shellScript = "diff \"${PODS_ROOT}/../Podfile.lock\" \"${PODS_ROOT}/Manifest.lock\" > /dev/null\nif [[ $? != 0 ]] ; then\n    cat << EOM\nerror: The sandbox is not in sync with the Podfile.lock. Run 'pod install' or update your CocoaPods installation.\nEOM\n    exit 1\nfi\n";
			showEnvVarsInLog = 0;
		};
		524FEC6B4CC7EA5DD749293B /* Copy Pods Resources */ = {
			isa = PBXShellScriptBuildPhase;
			buildActionMask = 2147483647;
			files = (
			);
			inputPaths = (
			);
			name = "Copy Pods Resources";
			outputPaths = (
			);
			runOnlyForDeploymentPostprocessing = 0;
			shellPath = /bin/sh;
			shellScript = "\"${SRCROOT}/Pods/Target Support Files/Pods-VHReproductiveHealth/Pods-VHReproductiveHealth-resources.sh\"\n";
			showEnvVarsInLog = 0;
		};
/* End PBXShellScriptBuildPhase section */

/* Begin PBXSourcesBuildPhase section */
		E863D5661A76172A0070F1F4 /* Sources */ = {
			isa = PBXSourcesBuildPhase;
			buildActionMask = 2147483647;
			files = (
				E841A53E1A8A209C00C4CA0F /* GKBarGraph.m in Sources */,
				E85E5AE51A86EF2300D98B8A /* RHSettingCell3.m in Sources */,
				E848FFAD1A777FF4005B1851 /* JTCalendarDataCache.m in Sources */,
				E860F8A21A7DC9CF007803A3 /* RHMenstrualDataHelper.m in Sources */,
				E85E5B281A872F4000D98B8A /* DWTagList.m in Sources */,
				E841A54D1A8A210300C4CA0F /* NSMutableArray+MK_Misc.m in Sources */,
				E83E917E1A8251390037F5E0 /* RHSettingCell.m in Sources */,
				E863D5C81A766C0F0070F1F4 /* RHUIApplication.m in Sources */,
				E848FF861A776819005B1851 /* RHHomeViewCtro.m in Sources */,
				E83E916C1A8247F40037F5E0 /* ABCalendarPickerDefaultSeasonedMonthsProvider.m in Sources */,
				E83E916E1A8247F40037F5E0 /* ABCalendarPickerDefaultTripleWeekdaysProvider.m in Sources */,
				E848FFAE1A777FF4005B1851 /* JTCalendarDayView.m in Sources */,
				E8FC7DFC1A875C350009403E /* RHBiaoZhuModel.m in Sources */,
				E841A5371A8A207700C4CA0F /* RHBarGraphView.m in Sources */,
				E83E91791A8247F40037F5E0 /* UIMyButton.m in Sources */,
				E841A5521A8A27B400C4CA0F /* RHTongFangFenxiViewCtro.m in Sources */,
				E8358DDC1A8C90DF007137ED /* RHRedianliliaoModel.m in Sources */,
				E860F8AA1A7DC9F2007803A3 /* RHRootDataHelper.m in Sources */,
				E8471C461A886B890010A97B /* RHDataModel.m in Sources */,
				E89ED2591A8922CE002CA0EB /* RHDayProvider.m in Sources */,
				E83E916D1A8247F40037F5E0 /* ABCalendarPickerDefaultStyleProvider.m in Sources */,
				E8FC7E001A8768380009403E /* NSDate+Helper.m in Sources */,
				E83E91811A826ED60037F5E0 /* RHSettingCell1.m in Sources */,
				E848FFAF1A777FF4005B1851 /* JTCalendarMenuMonthView.m in Sources */,
				E848FFB01A777FF4005B1851 /* JTCalendarMenuView.m in Sources */,
				E8FC7E061A87C4040009403E /* RHStyleProvider.m in Sources */,
				E860F89C1A7DC91F007803A3 /* RHMenstrualViewCtro.m in Sources */,
				E8358DD61A8C3B78007137ED /* CHCircleGaugeView.m in Sources */,
				E83E91701A8247F40037F5E0 /* ABCalendarPickerDefaultYearsProvider.m in Sources */,
				E83BB5AF1A8674AB002DD31C /* RHSettingSuperViewCtro.m in Sources */,
				E848FFB31A777FF4005B1851 /* JTCalendarWeekView.m in Sources */,
				E85E5AF11A871D1800D98B8A /* RHSettingYizhiViewCtro.m in Sources */,
				E863D5731A76172A0070F1F4 /* RHAppDelegate.m in Sources */,
				E848FFAB1A777FF4005B1851 /* JTCalendarAppearance.m in Sources */,
				E8FC7E031A87ABAA0009403E /* RHDayimaModel.m in Sources */,
				E8FC7DF81A8758840009403E /* RHMenstrualDataManger.m in Sources */,
				E85E5AEE1A87140E00D98B8A /* RHSettingQuluanViewCtro.m in Sources */,
				E89ED25C1A892F3A002CA0EB /* RHMyJingliViewCtro.m in Sources */,
				E83E91681A8247F40037F5E0 /* ABCalendarPicker.m in Sources */,
				E860F8AC1A7DC9F2007803A3 /* RHRootViewCtro.m in Sources */,
				E83E916B1A8247F40037F5E0 /* ABCalendarPickerDefaultMonthsProvider.m in Sources */,
				E841A54F1A8A210300C4CA0F /* NSMutableArray+MK_Stack.m in Sources */,
				E848FFAC1A777FF4005B1851 /* JTCalendarContentView.m in Sources */,
				E8358DD91A8C90C3007137ED /* RHKoufubiyuanyaoModel.m in Sources */,
				E83E91841A826EF40037F5E0 /* RHSettingCell2.m in Sources */,
				E85E5AEB1A87022400D98B8A /* RHSettingTongfangViewCtro.m in Sources */,
				E841A54E1A8A210300C4CA0F /* NSMutableArray+MK_Queue.m in Sources */,
				E85E5AF41A871F0800D98B8A /* RHSettingDpxfViewCtro.m in Sources */,
				E841A54B1A8A210300C4CA0F /* NSArray+MK_Block.m in Sources */,
				E841A5331A89CE5900C4CA0F /* RHYuejingFenxiViewCtro.m in Sources */,
				E863D5701A76172A0070F1F4 /* main.m in Sources */,
				E841A54C1A8A210300C4CA0F /* NSArray+MK_Misc.m in Sources */,
				E841A53D1A8A209C00C4CA0F /* GKBar.m in Sources */,
				E83E91711A8247F40037F5E0 /* ABViewPool.m in Sources */,
				E848FFB11A777FF4005B1851 /* JTCalendarMonthView.m in Sources */,
				E83E916A1A8247F40037F5E0 /* ABCalendarPickerDefaultErasProvider.m in Sources */,
				E860F8AB1A7DC9F2007803A3 /* RHRootNavCtro.m in Sources */,
				E841A5551A8A290300C4CA0F /* RHYjFxCell.m in Sources */,
				E83E91691A8247F40037F5E0 /* ABCalendarPickerDefaultDaysProvider.m in Sources */,
				E8442B0E1A8B9CAD009EAF04 /* RHTontFangGraphView.m in Sources */,
				E83E916F1A8247F40037F5E0 /* ABCalendarPickerDefaultWeekdaysProvider.m in Sources */,
				E848FFB21A777FF4005B1851 /* JTCalendarMonthWeekDaysView.m in Sources */,
				E848FFB41A777FF4005B1851 /* JTCircleView.m in Sources */,
				E83BB5AE1A8674AB002DD31C /* RHSettingMenstrualViewCtro.m in Sources */,
				E85E5B011A8727A400D98B8A /* RHSettingBushufuViewCtro.m in Sources */,
				E8FC7E091A87C6830009403E /* RHCalendarCell.m in Sources */,
				E848FFAA1A777FF4005B1851 /* JTCalendar.m in Sources */,
			);
			runOnlyForDeploymentPostprocessing = 0;
		};
		E863D57F1A76172B0070F1F4 /* Sources */ = {
			isa = PBXSourcesBuildPhase;
			buildActionMask = 2147483647;
			files = (
				E863D58A1A76172B0070F1F4 /* VHReproductiveHealthTests.m in Sources */,
			);
			runOnlyForDeploymentPostprocessing = 0;
		};
/* End PBXSourcesBuildPhase section */

/* Begin PBXTargetDependency section */
		E863D5851A76172B0070F1F4 /* PBXTargetDependency */ = {
			isa = PBXTargetDependency;
			target = E863D5691A76172A0070F1F4 /* VHReproductiveHealth */;
			targetProxy = E863D5841A76172B0070F1F4 /* PBXContainerItemProxy */;
		};
/* End PBXTargetDependency section */

/* Begin XCBuildConfiguration section */
		E863D58B1A76172B0070F1F4 /* Debug */ = {
			isa = XCBuildConfiguration;
			buildSettings = {
				ALWAYS_SEARCH_USER_PATHS = NO;
				CLANG_CXX_LANGUAGE_STANDARD = "gnu++0x";
				CLANG_CXX_LIBRARY = "libc++";
				CLANG_ENABLE_MODULES = YES;
				CLANG_ENABLE_OBJC_ARC = YES;
				CLANG_WARN_BOOL_CONVERSION = YES;
				CLANG_WARN_CONSTANT_CONVERSION = YES;
				CLANG_WARN_DIRECT_OBJC_ISA_USAGE = YES_ERROR;
				CLANG_WARN_EMPTY_BODY = YES;
				CLANG_WARN_ENUM_CONVERSION = YES;
				CLANG_WARN_INT_CONVERSION = YES;
				CLANG_WARN_OBJC_ROOT_CLASS = YES_ERROR;
				CLANG_WARN_UNREACHABLE_CODE = YES;
				CLANG_WARN__DUPLICATE_METHOD_MATCH = YES;
				"CODE_SIGN_IDENTITY[sdk=iphoneos*]" = "iPhone Developer";
				COPY_PHASE_STRIP = NO;
				ENABLE_STRICT_OBJC_MSGSEND = YES;
				GCC_C_LANGUAGE_STANDARD = gnu99;
				GCC_DYNAMIC_NO_PIC = NO;
				GCC_OPTIMIZATION_LEVEL = 0;
				GCC_PREPROCESSOR_DEFINITIONS = (
					"DEBUG=1",
					"$(inherited)",
				);
				GCC_SYMBOLS_PRIVATE_EXTERN = NO;
				GCC_WARN_64_TO_32_BIT_CONVERSION = YES;
				GCC_WARN_ABOUT_RETURN_TYPE = YES_ERROR;
				GCC_WARN_UNDECLARED_SELECTOR = YES;
				GCC_WARN_UNINITIALIZED_AUTOS = YES_AGGRESSIVE;
				GCC_WARN_UNUSED_FUNCTION = YES;
				GCC_WARN_UNUSED_VARIABLE = YES;
				IPHONEOS_DEPLOYMENT_TARGET = 8.1;
				MTL_ENABLE_DEBUG_INFO = YES;
				ONLY_ACTIVE_ARCH = YES;
				SDKROOT = iphoneos;
			};
			name = Debug;
		};
		E863D58C1A76172B0070F1F4 /* Release */ = {
			isa = XCBuildConfiguration;
			buildSettings = {
				ALWAYS_SEARCH_USER_PATHS = NO;
				CLANG_CXX_LANGUAGE_STANDARD = "gnu++0x";
				CLANG_CXX_LIBRARY = "libc++";
				CLANG_ENABLE_MODULES = YES;
				CLANG_ENABLE_OBJC_ARC = YES;
				CLANG_WARN_BOOL_CONVERSION = YES;
				CLANG_WARN_CONSTANT_CONVERSION = YES;
				CLANG_WARN_DIRECT_OBJC_ISA_USAGE = YES_ERROR;
				CLANG_WARN_EMPTY_BODY = YES;
				CLANG_WARN_ENUM_CONVERSION = YES;
				CLANG_WARN_INT_CONVERSION = YES;
				CLANG_WARN_OBJC_ROOT_CLASS = YES_ERROR;
				CLANG_WARN_UNREACHABLE_CODE = YES;
				CLANG_WARN__DUPLICATE_METHOD_MATCH = YES;
				"CODE_SIGN_IDENTITY[sdk=iphoneos*]" = "iPhone Developer";
				COPY_PHASE_STRIP = YES;
				ENABLE_NS_ASSERTIONS = NO;
				ENABLE_STRICT_OBJC_MSGSEND = YES;
				GCC_C_LANGUAGE_STANDARD = gnu99;
				GCC_WARN_64_TO_32_BIT_CONVERSION = YES;
				GCC_WARN_ABOUT_RETURN_TYPE = YES_ERROR;
				GCC_WARN_UNDECLARED_SELECTOR = YES;
				GCC_WARN_UNINITIALIZED_AUTOS = YES_AGGRESSIVE;
				GCC_WARN_UNUSED_FUNCTION = YES;
				GCC_WARN_UNUSED_VARIABLE = YES;
				IPHONEOS_DEPLOYMENT_TARGET = 8.1;
				MTL_ENABLE_DEBUG_INFO = NO;
				SDKROOT = iphoneos;
				VALIDATE_PRODUCT = YES;
			};
			name = Release;
		};
		E863D58E1A76172B0070F1F4 /* Debug */ = {
			isa = XCBuildConfiguration;
			baseConfigurationReference = 0FF0C1C3316D169A5BEF0A20 /* Pods-VHReproductiveHealth.debug.xcconfig */;
			buildSettings = {
				ASSETCATALOG_COMPILER_APPICON_NAME = AppIcon;
				ASSETCATALOG_COMPILER_LAUNCHIMAGE_NAME = LaunchImage;
				CODE_SIGN_IDENTITY = "iPhone Developer: Lu Xiaoya (RY9PPE4949)";
				"CODE_SIGN_IDENTITY[sdk=iphoneos*]" = "iPhone Developer: Lu Xiaoya (RY9PPE4949)";
				GCC_PRECOMPILE_PREFIX_HEADER = YES;
				GCC_PREFIX_HEADER = "$(SRCROOT)/VHReproductiveHealth/VHReproductiveHealth-Prefix.pch";
				INFOPLIST_FILE = VHReproductiveHealth/Info.plist;
				IPHONEOS_DEPLOYMENT_TARGET = 7.0;
				LD_RUNPATH_SEARCH_PATHS = "$(inherited) @executable_path/Frameworks";
				PRODUCT_NAME = "$(TARGET_NAME)";
				PROVISIONING_PROFILE = "e1fd0e28-4409-4da8-928f-0e3bffb6588c";
			};
			name = Debug;
		};
		E863D58F1A76172B0070F1F4 /* Release */ = {
			isa = XCBuildConfiguration;
			baseConfigurationReference = 20A3E4A742051B773C4C31D7 /* Pods-VHReproductiveHealth.release.xcconfig */;
			buildSettings = {
				ASSETCATALOG_COMPILER_APPICON_NAME = AppIcon;
				ASSETCATALOG_COMPILER_LAUNCHIMAGE_NAME = LaunchImage;
				CODE_SIGN_IDENTITY = "iPhone Developer: Lu Xiaoya (RY9PPE4949)";
				"CODE_SIGN_IDENTITY[sdk=iphoneos*]" = "iPhone Developer: Lu Xiaoya (RY9PPE4949)";
				GCC_PRECOMPILE_PREFIX_HEADER = YES;
				GCC_PREFIX_HEADER = "$(SRCROOT)/VHReproductiveHealth/VHReproductiveHealth-Prefix.pch";
				INFOPLIST_FILE = VHReproductiveHealth/Info.plist;
				IPHONEOS_DEPLOYMENT_TARGET = 7.0;
				LD_RUNPATH_SEARCH_PATHS = "$(inherited) @executable_path/Frameworks";
				PRODUCT_NAME = "$(TARGET_NAME)";
				PROVISIONING_PROFILE = "e1fd0e28-4409-4da8-928f-0e3bffb6588c";
			};
			name = Release;
		};
		E863D5911A76172B0070F1F4 /* Debug */ = {
			isa = XCBuildConfiguration;
			buildSettings = {
				BUNDLE_LOADER = "$(TEST_HOST)";
				FRAMEWORK_SEARCH_PATHS = (
					"$(SDKROOT)/Developer/Library/Frameworks",
					"$(inherited)",
				);
				GCC_PREPROCESSOR_DEFINITIONS = (
					"DEBUG=1",
					"$(inherited)",
				);
				INFOPLIST_FILE = VHReproductiveHealthTests/Info.plist;
				LD_RUNPATH_SEARCH_PATHS = "$(inherited) @executable_path/Frameworks @loader_path/Frameworks";
				PRODUCT_NAME = "$(TARGET_NAME)";
				TEST_HOST = "$(BUILT_PRODUCTS_DIR)/VHReproductiveHealth.app/VHReproductiveHealth";
			};
			name = Debug;
		};
		E863D5921A76172B0070F1F4 /* Release */ = {
			isa = XCBuildConfiguration;
			buildSettings = {
				BUNDLE_LOADER = "$(TEST_HOST)";
				FRAMEWORK_SEARCH_PATHS = (
					"$(SDKROOT)/Developer/Library/Frameworks",
					"$(inherited)",
				);
				INFOPLIST_FILE = VHReproductiveHealthTests/Info.plist;
				LD_RUNPATH_SEARCH_PATHS = "$(inherited) @executable_path/Frameworks @loader_path/Frameworks";
				PRODUCT_NAME = "$(TARGET_NAME)";
				TEST_HOST = "$(BUILT_PRODUCTS_DIR)/VHReproductiveHealth.app/VHReproductiveHealth";
			};
			name = Release;
		};
/* End XCBuildConfiguration section */

/* Begin XCConfigurationList section */
		E863D5651A76172A0070F1F4 /* Build configuration list for PBXProject "VHReproductiveHealth" */ = {
			isa = XCConfigurationList;
			buildConfigurations = (
				E863D58B1A76172B0070F1F4 /* Debug */,
				E863D58C1A76172B0070F1F4 /* Release */,
			);
			defaultConfigurationIsVisible = 0;
			defaultConfigurationName = Release;
		};
		E863D58D1A76172B0070F1F4 /* Build configuration list for PBXNativeTarget "VHReproductiveHealth" */ = {
			isa = XCConfigurationList;
			buildConfigurations = (
				E863D58E1A76172B0070F1F4 /* Debug */,
				E863D58F1A76172B0070F1F4 /* Release */,
			);
			defaultConfigurationIsVisible = 0;
			defaultConfigurationName = Release;
		};
		E863D5901A76172B0070F1F4 /* Build configuration list for PBXNativeTarget "VHReproductiveHealthTests" */ = {
			isa = XCConfigurationList;
			buildConfigurations = (
				E863D5911A76172B0070F1F4 /* Debug */,
				E863D5921A76172B0070F1F4 /* Release */,
			);
			defaultConfigurationIsVisible = 0;
			defaultConfigurationName = Release;
		};
/* End XCConfigurationList section */
	};
	rootObject = E863D5621A76172A0070F1F4 /* Project object */;
}
