// !$*UTF8*$!
{
	archiveVersion = 1;
	classes = {
	};
	objectVersion = 46;
	objects = {

/* Begin PBXBuildFile section */
		9979925E618F2A8E4CB833A0 /* libPods-VHReproductiveHealth.a in Frameworks */ = {isa = PBXBuildFile; fileRef = 92B9E74EF59C39DFD892495A /* libPods-VHReproductiveHealth.a */; };
		E863D5701A76172A0070F1F4 /* main.m in Sources */ = {isa = PBXBuildFile; fileRef = E863D56F1A76172A0070F1F4 /* main.m */; };
		E863D5731A76172A0070F1F4 /* RHAppDelegate.m in Sources */ = {isa = PBXBuildFile; fileRef = E863D5721A76172A0070F1F4 /* RHAppDelegate.m */; };
		E863D57B1A76172A0070F1F4 /* Images.xcassets in Resources */ = {isa = PBXBuildFile; fileRef = E863D57A1A76172A0070F1F4 /* Images.xcassets */; };
		E863D58A1A76172B0070F1F4 /* VHReproductiveHealthTests.m in Sources */ = {isa = PBXBuildFile; fileRef = E863D5891A76172B0070F1F4 /* VHReproductiveHealthTests.m */; };
		E863D5C81A766C0F0070F1F4 /* RHUIApplication.m in Sources */ = {isa = PBXBuildFile; fileRef = E863D5C71A766C0F0070F1F4 /* RHUIApplication.m */; };
		E863D5D01A766F160070F1F4 /* RHRootViewCtro.m in Sources */ = {isa = PBXBuildFile; fileRef = E863D5CF1A766F160070F1F4 /* RHRootViewCtro.m */; };
/* End PBXBuildFile section */

/* Begin PBXContainerItemProxy section */
		E863D5841A76172B0070F1F4 /* PBXContainerItemProxy */ = {
			isa = PBXContainerItemProxy;
			containerPortal = E863D5621A76172A0070F1F4 /* Project object */;
			proxyType = 1;
			remoteGlobalIDString = E863D5691A76172A0070F1F4;
			remoteInfo = VHReproductiveHealth;
		};
/* End PBXContainerItemProxy section */

/* Begin PBXFileReference section */
		0FF0C1C3316D169A5BEF0A20 /* Pods-VHReproductiveHealth.debug.xcconfig */ = {isa = PBXFileReference; includeInIndex = 1; lastKnownFileType = text.xcconfig; name = "Pods-VHReproductiveHealth.debug.xcconfig"; path = "Pods/Target Support Files/Pods-VHReproductiveHealth/Pods-VHReproductiveHealth.debug.xcconfig"; sourceTree = "<group>"; };
		20A3E4A742051B773C4C31D7 /* Pods-VHReproductiveHealth.release.xcconfig */ = {isa = PBXFileReference; includeInIndex = 1; lastKnownFileType = text.xcconfig; name = "Pods-VHReproductiveHealth.release.xcconfig"; path = "Pods/Target Support Files/Pods-VHReproductiveHealth/Pods-VHReproductiveHealth.release.xcconfig"; sourceTree = "<group>"; };
		92B9E74EF59C39DFD892495A /* libPods-VHReproductiveHealth.a */ = {isa = PBXFileReference; explicitFileType = archive.ar; includeInIndex = 0; path = "libPods-VHReproductiveHealth.a"; sourceTree = BUILT_PRODUCTS_DIR; };
		E863D56A1A76172A0070F1F4 /* VHReproductiveHealth.app */ = {isa = PBXFileReference; explicitFileType = wrapper.application; includeInIndex = 0; path = VHReproductiveHealth.app; sourceTree = BUILT_PRODUCTS_DIR; };
		E863D56E1A76172A0070F1F4 /* Info.plist */ = {isa = PBXFileReference; lastKnownFileType = text.plist.xml; path = Info.plist; sourceTree = "<group>"; };
		E863D56F1A76172A0070F1F4 /* main.m */ = {isa = PBXFileReference; lastKnownFileType = sourcecode.c.objc; path = main.m; sourceTree = "<group>"; };
		E863D5711A76172A0070F1F4 /* RHAppDelegate.h */ = {isa = PBXFileReference; lastKnownFileType = sourcecode.c.h; path = RHAppDelegate.h; sourceTree = "<group>"; };
		E863D5721A76172A0070F1F4 /* RHAppDelegate.m */ = {isa = PBXFileReference; lastKnownFileType = sourcecode.c.objc; path = RHAppDelegate.m; sourceTree = "<group>"; };
		E863D57A1A76172A0070F1F4 /* Images.xcassets */ = {isa = PBXFileReference; lastKnownFileType = folder.assetcatalog; path = Images.xcassets; sourceTree = "<group>"; };
		E863D5831A76172B0070F1F4 /* VHReproductiveHealthTests.xctest */ = {isa = PBXFileReference; explicitFileType = wrapper.cfbundle; includeInIndex = 0; path = VHReproductiveHealthTests.xctest; sourceTree = BUILT_PRODUCTS_DIR; };
		E863D5881A76172B0070F1F4 /* Info.plist */ = {isa = PBXFileReference; lastKnownFileType = text.plist.xml; path = Info.plist; sourceTree = "<group>"; };
		E863D5891A76172B0070F1F4 /* VHReproductiveHealthTests.m */ = {isa = PBXFileReference; lastKnownFileType = sourcecode.c.objc; path = VHReproductiveHealthTests.m; sourceTree = "<group>"; };
		E863D5931A7660610070F1F4 /* VHReproductiveHealth-Prefix.pch */ = {isa = PBXFileReference; fileEncoding = 4; lastKnownFileType = sourcecode.c.h; path = "VHReproductiveHealth-Prefix.pch"; sourceTree = "<group>"; };
		E863D5C61A766C0F0070F1F4 /* RHUIApplication.h */ = {isa = PBXFileReference; fileEncoding = 4; lastKnownFileType = sourcecode.c.h; path = RHUIApplication.h; sourceTree = "<group>"; };
		E863D5C71A766C0F0070F1F4 /* RHUIApplication.m */ = {isa = PBXFileReference; fileEncoding = 4; lastKnownFileType = sourcecode.c.objc; path = RHUIApplication.m; sourceTree = "<group>"; };
		E863D5CE1A766F160070F1F4 /* RHRootViewCtro.h */ = {isa = PBXFileReference; fileEncoding = 4; lastKnownFileType = sourcecode.c.h; path = RHRootViewCtro.h; sourceTree = "<group>"; };
		E863D5CF1A766F160070F1F4 /* RHRootViewCtro.m */ = {isa = PBXFileReference; fileEncoding = 4; lastKnownFileType = sourcecode.c.objc; path = RHRootViewCtro.m; sourceTree = "<group>"; };
/* End PBXFileReference section */

/* Begin PBXFrameworksBuildPhase section */
		E863D5671A76172A0070F1F4 /* Frameworks */ = {
			isa = PBXFrameworksBuildPhase;
			buildActionMask = 2147483647;
			files = (
				9979925E618F2A8E4CB833A0 /* libPods-VHReproductiveHealth.a in Frameworks */,
			);
			runOnlyForDeploymentPostprocessing = 0;
		};
		E863D5801A76172B0070F1F4 /* Frameworks */ = {
			isa = PBXFrameworksBuildPhase;
			buildActionMask = 2147483647;
			files = (
			);
			runOnlyForDeploymentPostprocessing = 0;
		};
/* End PBXFrameworksBuildPhase section */

/* Begin PBXGroup section */
		12DF50B7A23BEAFE51BACF74 /* Pods */ = {
			isa = PBXGroup;
			children = (
				0FF0C1C3316D169A5BEF0A20 /* Pods-VHReproductiveHealth.debug.xcconfig */,
				20A3E4A742051B773C4C31D7 /* Pods-VHReproductiveHealth.release.xcconfig */,
			);
			name = Pods;
			sourceTree = "<group>";
		};
		D285D79DBE8054B14316F22F /* Frameworks */ = {
			isa = PBXGroup;
			children = (
				92B9E74EF59C39DFD892495A /* libPods-VHReproductiveHealth.a */,
			);
			name = Frameworks;
			sourceTree = "<group>";
		};
		E863D5611A76172A0070F1F4 = {
			isa = PBXGroup;
			children = (
				E863D56C1A76172A0070F1F4 /* VHReproductiveHealth */,
				E863D5861A76172B0070F1F4 /* VHReproductiveHealthTests */,
				E863D56B1A76172A0070F1F4 /* Products */,
				12DF50B7A23BEAFE51BACF74 /* Pods */,
				D285D79DBE8054B14316F22F /* Frameworks */,
			);
			sourceTree = "<group>";
		};
		E863D56B1A76172A0070F1F4 /* Products */ = {
			isa = PBXGroup;
			children = (
				E863D56A1A76172A0070F1F4 /* VHReproductiveHealth.app */,
				E863D5831A76172B0070F1F4 /* VHReproductiveHealthTests.xctest */,
			);
			name = Products;
			sourceTree = "<group>";
		};
		E863D56C1A76172A0070F1F4 /* VHReproductiveHealth */ = {
			isa = PBXGroup;
			children = (
				E863D5C61A766C0F0070F1F4 /* RHUIApplication.h */,
				E863D5C71A766C0F0070F1F4 /* RHUIApplication.m */,
				E863D5711A76172A0070F1F4 /* RHAppDelegate.h */,
				E863D5721A76172A0070F1F4 /* RHAppDelegate.m */,
				E863D5CD1A766F0A0070F1F4 /* Module */,
				E863D57A1A76172A0070F1F4 /* Images.xcassets */,
				E863D56D1A76172A0070F1F4 /* Supporting Files */,
			);
			path = VHReproductiveHealth;
			sourceTree = "<group>";
		};
		E863D56D1A76172A0070F1F4 /* Supporting Files */ = {
			isa = PBXGroup;
			children = (
				E863D56E1A76172A0070F1F4 /* Info.plist */,
				E863D56F1A76172A0070F1F4 /* main.m */,
				E863D5931A7660610070F1F4 /* VHReproductiveHealth-Prefix.pch */,
			);
			name = "Supporting Files";
			sourceTree = "<group>";
		};
		E863D5861A76172B0070F1F4 /* VHReproductiveHealthTests */ = {
			isa = PBXGroup;
			children = (
				E863D5891A76172B0070F1F4 /* VHReproductiveHealthTests.m */,
				E863D5871A76172B0070F1F4 /* Supporting Files */,
			);
			path = VHReproductiveHealthTests;
			sourceTree = "<group>";
		};
		E863D5871A76172B0070F1F4 /* Supporting Files */ = {
			isa = PBXGroup;
			children = (
				E863D5881A76172B0070F1F4 /* Info.plist */,
			);
			name = "Supporting Files";
			sourceTree = "<group>";
		};
		E863D5CD1A766F0A0070F1F4 /* Module */ = {
			isa = PBXGroup;
			children = (
				E863D5CE1A766F160070F1F4 /* RHRootViewCtro.h */,
				E863D5CF1A766F160070F1F4 /* RHRootViewCtro.m */,
			);
			path = Module;
			sourceTree = "<group>";
		};
/* End PBXGroup section */

/* Begin PBXNativeTarget section */
		E863D5691A76172A0070F1F4 /* VHReproductiveHealth */ = {
			isa = PBXNativeTarget;
			buildConfigurationList = E863D58D1A76172B0070F1F4 /* Build configuration list for PBXNativeTarget "VHReproductiveHealth" */;
			buildPhases = (
				1661043354D9F20601DA3F48 /* Check Pods Manifest.lock */,
				E863D5661A76172A0070F1F4 /* Sources */,
				E863D5671A76172A0070F1F4 /* Frameworks */,
				E863D5681A76172A0070F1F4 /* Resources */,
				524FEC6B4CC7EA5DD749293B /* Copy Pods Resources */,
			);
			buildRules = (
			);
			dependencies = (
			);
			name = VHReproductiveHealth;
			productName = VHReproductiveHealth;
			productReference = E863D56A1A76172A0070F1F4 /* VHReproductiveHealth.app */;
			productType = "com.apple.product-type.application";
		};
		E863D5821A76172B0070F1F4 /* VHReproductiveHealthTests */ = {
			isa = PBXNativeTarget;
			buildConfigurationList = E863D5901A76172B0070F1F4 /* Build configuration list for PBXNativeTarget "VHReproductiveHealthTests" */;
			buildPhases = (
				E863D57F1A76172B0070F1F4 /* Sources */,
				E863D5801A76172B0070F1F4 /* Frameworks */,
				E863D5811A76172B0070F1F4 /* Resources */,
			);
			buildRules = (
			);
			dependencies = (
				E863D5851A76172B0070F1F4 /* PBXTargetDependency */,
			);
			name = VHReproductiveHealthTests;
			productName = VHReproductiveHealthTests;
			productReference = E863D5831A76172B0070F1F4 /* VHReproductiveHealthTests.xctest */;
			productType = "com.apple.product-type.bundle.unit-test";
		};
/* End PBXNativeTarget section */

/* Begin PBXProject section */
		E863D5621A76172A0070F1F4 /* Project object */ = {
			isa = PBXProject;
			attributes = {
				CLASSPREFIX = RH;
				LastUpgradeCheck = 0610;
				ORGANIZATIONNAME = vichiger;
				TargetAttributes = {
					E863D5691A76172A0070F1F4 = {
						CreatedOnToolsVersion = 6.1.1;
						DevelopmentTeam = 7GZHY42TY5;
					};
					E863D5821A76172B0070F1F4 = {
						CreatedOnToolsVersion = 6.1.1;
						TestTargetID = E863D5691A76172A0070F1F4;
					};
				};
			};
			buildConfigurationList = E863D5651A76172A0070F1F4 /* Build configuration list for PBXProject "VHReproductiveHealth" */;
			compatibilityVersion = "Xcode 3.2";
			developmentRegion = English;
			hasScannedForEncodings = 0;
			knownRegions = (
				en,
				Base,
			);
			mainGroup = E863D5611A76172A0070F1F4;
			productRefGroup = E863D56B1A76172A0070F1F4 /* Products */;
			projectDirPath = "";
			projectRoot = "";
			targets = (
				E863D5691A76172A0070F1F4 /* VHReproductiveHealth */,
				E863D5821A76172B0070F1F4 /* VHReproductiveHealthTests */,
			);
		};
/* End PBXProject section */

/* Begin PBXResourcesBuildPhase section */
		E863D5681A76172A0070F1F4 /* Resources */ = {
			isa = PBXResourcesBuildPhase;
			buildActionMask = 2147483647;
			files = (
				E863D57B1A76172A0070F1F4 /* Images.xcassets in Resources */,
			);
			runOnlyForDeploymentPostprocessing = 0;
		};
		E863D5811A76172B0070F1F4 /* Resources */ = {
			isa = PBXResourcesBuildPhase;
			buildActionMask = 2147483647;
			files = (
			);
			runOnlyForDeploymentPostprocessing = 0;
		};
/* End PBXResourcesBuildPhase section */

/* Begin PBXShellScriptBuildPhase section */
		1661043354D9F20601DA3F48 /* Check Pods Manifest.lock */ = {
			isa = PBXShellScriptBuildPhase;
			buildActionMask = 2147483647;
			files = (
			);
			inputPaths = (
			);
			name = "Check Pods Manifest.lock";
			outputPaths = (
			);
			runOnlyForDeploymentPostprocessing = 0;
			shellPath = /bin/sh;
			shellScript = "diff \"${PODS_ROOT}/../Podfile.lock\" \"${PODS_ROOT}/Manifest.lock\" > /dev/null\nif [[ $? != 0 ]] ; then\n    cat << EOM\nerror: The sandbox is not in sync with the Podfile.lock. Run 'pod install' or update your CocoaPods installation.\nEOM\n    exit 1\nfi\n";
			showEnvVarsInLog = 0;
		};
		524FEC6B4CC7EA5DD749293B /* Copy Pods Resources */ = {
			isa = PBXShellScriptBuildPhase;
			buildActionMask = 2147483647;
			files = (
			);
			inputPaths = (
			);
			name = "Copy Pods Resources";
			outputPaths = (
			);
			runOnlyForDeploymentPostprocessing = 0;
			shellPath = /bin/sh;
			shellScript = "\"${SRCROOT}/Pods/Target Support Files/Pods-VHReproductiveHealth/Pods-VHReproductiveHealth-resources.sh\"\n";
			showEnvVarsInLog = 0;
		};
/* End PBXShellScriptBuildPhase section */

/* Begin PBXSourcesBuildPhase section */
		E863D5661A76172A0070F1F4 /* Sources */ = {
			isa = PBXSourcesBuildPhase;
			buildActionMask = 2147483647;
			files = (
				E863D5C81A766C0F0070F1F4 /* RHUIApplication.m in Sources */,
				E863D5D01A766F160070F1F4 /* RHRootViewCtro.m in Sources */,
				E863D5731A76172A0070F1F4 /* RHAppDelegate.m in Sources */,
				E863D5701A76172A0070F1F4 /* main.m in Sources */,
			);
			runOnlyForDeploymentPostprocessing = 0;
		};
		E863D57F1A76172B0070F1F4 /* Sources */ = {
			isa = PBXSourcesBuildPhase;
			buildActionMask = 2147483647;
			files = (
				E863D58A1A76172B0070F1F4 /* VHReproductiveHealthTests.m in Sources */,
			);
			runOnlyForDeploymentPostprocessing = 0;
		};
/* End PBXSourcesBuildPhase section */

/* Begin PBXTargetDependency section */
		E863D5851A76172B0070F1F4 /* PBXTargetDependency */ = {
			isa = PBXTargetDependency;
			target = E863D5691A76172A0070F1F4 /* VHReproductiveHealth */;
			targetProxy = E863D5841A76172B0070F1F4 /* PBXContainerItemProxy */;
		};
/* End PBXTargetDependency section */

/* Begin XCBuildConfiguration section */
		E863D58B1A76172B0070F1F4 /* Debug */ = {
			isa = XCBuildConfiguration;
			buildSettings = {
				ALWAYS_SEARCH_USER_PATHS = NO;
				CLANG_CXX_LANGUAGE_STANDARD = "gnu++0x";
				CLANG_CXX_LIBRARY = "libc++";
				CLANG_ENABLE_MODULES = YES;
				CLANG_ENABLE_OBJC_ARC = YES;
				CLANG_WARN_BOOL_CONVERSION = YES;
				CLANG_WARN_CONSTANT_CONVERSION = YES;
				CLANG_WARN_DIRECT_OBJC_ISA_USAGE = YES_ERROR;
				CLANG_WARN_EMPTY_BODY = YES;
				CLANG_WARN_ENUM_CONVERSION = YES;
				CLANG_WARN_INT_CONVERSION = YES;
				CLANG_WARN_OBJC_ROOT_CLASS = YES_ERROR;
				CLANG_WARN_UNREACHABLE_CODE = YES;
				CLANG_WARN__DUPLICATE_METHOD_MATCH = YES;
				"CODE_SIGN_IDENTITY[sdk=iphoneos*]" = "iPhone Developer";
				COPY_PHASE_STRIP = NO;
				ENABLE_STRICT_OBJC_MSGSEND = YES;
				GCC_C_LANGUAGE_STANDARD = gnu99;
				GCC_DYNAMIC_NO_PIC = NO;
				GCC_OPTIMIZATION_LEVEL = 0;
				GCC_PREPROCESSOR_DEFINITIONS = (
					"DEBUG=1",
					"$(inherited)",
				);
				GCC_SYMBOLS_PRIVATE_EXTERN = NO;
				GCC_WARN_64_TO_32_BIT_CONVERSION = YES;
				GCC_WARN_ABOUT_RETURN_TYPE = YES_ERROR;
				GCC_WARN_UNDECLARED_SELECTOR = YES;
				GCC_WARN_UNINITIALIZED_AUTOS = YES_AGGRESSIVE;
				GCC_WARN_UNUSED_FUNCTION = YES;
				GCC_WARN_UNUSED_VARIABLE = YES;
				IPHONEOS_DEPLOYMENT_TARGET = 8.1;
				MTL_ENABLE_DEBUG_INFO = YES;
				ONLY_ACTIVE_ARCH = YES;
				SDKROOT = iphoneos;
			};
			name = Debug;
		};
		E863D58C1A76172B0070F1F4 /* Release */ = {
			isa = XCBuildConfiguration;
			buildSettings = {
				ALWAYS_SEARCH_USER_PATHS = NO;
				CLANG_CXX_LANGUAGE_STANDARD = "gnu++0x";
				CLANG_CXX_LIBRARY = "libc++";
				CLANG_ENABLE_MODULES = YES;
				CLANG_ENABLE_OBJC_ARC = YES;
				CLANG_WARN_BOOL_CONVERSION = YES;
				CLANG_WARN_CONSTANT_CONVERSION = YES;
				CLANG_WARN_DIRECT_OBJC_ISA_USAGE = YES_ERROR;
				CLANG_WARN_EMPTY_BODY = YES;
				CLANG_WARN_ENUM_CONVERSION = YES;
				CLANG_WARN_INT_CONVERSION = YES;
				CLANG_WARN_OBJC_ROOT_CLASS = YES_ERROR;
				CLANG_WARN_UNREACHABLE_CODE = YES;
				CLANG_WARN__DUPLICATE_METHOD_MATCH = YES;
				"CODE_SIGN_IDENTITY[sdk=iphoneos*]" = "iPhone Developer";
				COPY_PHASE_STRIP = YES;
				ENABLE_NS_ASSERTIONS = NO;
				ENABLE_STRICT_OBJC_MSGSEND = YES;
				GCC_C_LANGUAGE_STANDARD = gnu99;
				GCC_WARN_64_TO_32_BIT_CONVERSION = YES;
				GCC_WARN_ABOUT_RETURN_TYPE = YES_ERROR;
				GCC_WARN_UNDECLARED_SELECTOR = YES;
				GCC_WARN_UNINITIALIZED_AUTOS = YES_AGGRESSIVE;
				GCC_WARN_UNUSED_FUNCTION = YES;
				GCC_WARN_UNUSED_VARIABLE = YES;
				IPHONEOS_DEPLOYMENT_TARGET = 8.1;
				MTL_ENABLE_DEBUG_INFO = NO;
				SDKROOT = iphoneos;
				VALIDATE_PRODUCT = YES;
			};
			name = Release;
		};
		E863D58E1A76172B0070F1F4 /* Debug */ = {
			isa = XCBuildConfiguration;
			baseConfigurationReference = 0FF0C1C3316D169A5BEF0A20 /* Pods-VHReproductiveHealth.debug.xcconfig */;
			buildSettings = {
				ASSETCATALOG_COMPILER_APPICON_NAME = AppIcon;
				ASSETCATALOG_COMPILER_LAUNCHIMAGE_NAME = LaunchImage;
				CODE_SIGN_IDENTITY = "iPhone Developer: Lu Xiaoya (RY9PPE4949)";
				"CODE_SIGN_IDENTITY[sdk=iphoneos*]" = "iPhone Developer: Lu Xiaoya (RY9PPE4949)";
				GCC_PRECOMPILE_PREFIX_HEADER = YES;
				GCC_PREFIX_HEADER = "$(SRCROOT)/VHReproductiveHealth/VHReproductiveHealth-Prefix.pch";
				INFOPLIST_FILE = VHReproductiveHealth/Info.plist;
				IPHONEOS_DEPLOYMENT_TARGET = 7.0;
				LD_RUNPATH_SEARCH_PATHS = "$(inherited) @executable_path/Frameworks";
				PRODUCT_NAME = "$(TARGET_NAME)";
				PROVISIONING_PROFILE = "e1fd0e28-4409-4da8-928f-0e3bffb6588c";
			};
			name = Debug;
		};
		E863D58F1A76172B0070F1F4 /* Release */ = {
			isa = XCBuildConfiguration;
			baseConfigurationReference = 20A3E4A742051B773C4C31D7 /* Pods-VHReproductiveHealth.release.xcconfig */;
			buildSettings = {
				ASSETCATALOG_COMPILER_APPICON_NAME = AppIcon;
				ASSETCATALOG_COMPILER_LAUNCHIMAGE_NAME = LaunchImage;
				CODE_SIGN_IDENTITY = "iPhone Developer: Lu Xiaoya (RY9PPE4949)";
				"CODE_SIGN_IDENTITY[sdk=iphoneos*]" = "iPhone Developer: Lu Xiaoya (RY9PPE4949)";
				GCC_PRECOMPILE_PREFIX_HEADER = YES;
				GCC_PREFIX_HEADER = "$(SRCROOT)/VHReproductiveHealth/VHReproductiveHealth-Prefix.pch";
				INFOPLIST_FILE = VHReproductiveHealth/Info.plist;
				IPHONEOS_DEPLOYMENT_TARGET = 7.0;
				LD_RUNPATH_SEARCH_PATHS = "$(inherited) @executable_path/Frameworks";
				PRODUCT_NAME = "$(TARGET_NAME)";
				PROVISIONING_PROFILE = "e1fd0e28-4409-4da8-928f-0e3bffb6588c";
			};
			name = Release;
		};
		E863D5911A76172B0070F1F4 /* Debug */ = {
			isa = XCBuildConfiguration;
			buildSettings = {
				BUNDLE_LOADER = "$(TEST_HOST)";
				FRAMEWORK_SEARCH_PATHS = (
					"$(SDKROOT)/Developer/Library/Frameworks",
					"$(inherited)",
				);
				GCC_PREPROCESSOR_DEFINITIONS = (
					"DEBUG=1",
					"$(inherited)",
				);
				INFOPLIST_FILE = VHReproductiveHealthTests/Info.plist;
				LD_RUNPATH_SEARCH_PATHS = "$(inherited) @executable_path/Frameworks @loader_path/Frameworks";
				PRODUCT_NAME = "$(TARGET_NAME)";
				TEST_HOST = "$(BUILT_PRODUCTS_DIR)/VHReproductiveHealth.app/VHReproductiveHealth";
			};
			name = Debug;
		};
		E863D5921A76172B0070F1F4 /* Release */ = {
			isa = XCBuildConfiguration;
			buildSettings = {
				BUNDLE_LOADER = "$(TEST_HOST)";
				FRAMEWORK_SEARCH_PATHS = (
					"$(SDKROOT)/Developer/Library/Frameworks",
					"$(inherited)",
				);
				INFOPLIST_FILE = VHReproductiveHealthTests/Info.plist;
				LD_RUNPATH_SEARCH_PATHS = "$(inherited) @executable_path/Frameworks @loader_path/Frameworks";
				PRODUCT_NAME = "$(TARGET_NAME)";
				TEST_HOST = "$(BUILT_PRODUCTS_DIR)/VHReproductiveHealth.app/VHReproductiveHealth";
			};
			name = Release;
		};
/* End XCBuildConfiguration section */

/* Begin XCConfigurationList section */
		E863D5651A76172A0070F1F4 /* Build configuration list for PBXProject "VHReproductiveHealth" */ = {
			isa = XCConfigurationList;
			buildConfigurations = (
				E863D58B1A76172B0070F1F4 /* Debug */,
				E863D58C1A76172B0070F1F4 /* Release */,
			);
			defaultConfigurationIsVisible = 0;
			defaultConfigurationName = Release;
		};
		E863D58D1A76172B0070F1F4 /* Build configuration list for PBXNativeTarget "VHReproductiveHealth" */ = {
			isa = XCConfigurationList;
			buildConfigurations = (
				E863D58E1A76172B0070F1F4 /* Debug */,
				E863D58F1A76172B0070F1F4 /* Release */,
			);
			defaultConfigurationIsVisible = 0;
			defaultConfigurationName = Release;
		};
		E863D5901A76172B0070F1F4 /* Build configuration list for PBXNativeTarget "VHReproductiveHealthTests" */ = {
			isa = XCConfigurationList;
			buildConfigurations = (
				E863D5911A76172B0070F1F4 /* Debug */,
				E863D5921A76172B0070F1F4 /* Release */,
			);
			defaultConfigurationIsVisible = 0;
			defaultConfigurationName = Release;
		};
/* End XCConfigurationList section */
	};
	rootObject = E863D5621A76172A0070F1F4 /* Project object */;
}
